// !$*UTF8*$!
{
	archiveVersion = 1;
	classes = {
	};
	objectVersion = 46;
	objects = {

/* Begin PBXBuildFile section */
		A24E0967177451EF00DC79DE /* UIKit.framework in Frameworks */ = {isa = PBXBuildFile; fileRef = A24E0966177451EF00DC79DE /* UIKit.framework */; };
		A24E0969177451EF00DC79DE /* Foundation.framework in Frameworks */ = {isa = PBXBuildFile; fileRef = A24E0968177451EF00DC79DE /* Foundation.framework */; };
		A24E096B177451EF00DC79DE /* CoreGraphics.framework in Frameworks */ = {isa = PBXBuildFile; fileRef = A24E096A177451EF00DC79DE /* CoreGraphics.framework */; };
		A24E0971177451EF00DC79DE /* InfoPlist.strings in Resources */ = {isa = PBXBuildFile; fileRef = A24E096F177451EF00DC79DE /* InfoPlist.strings */; };
		A24E0973177451EF00DC79DE /* main.m in Sources */ = {isa = PBXBuildFile; fileRef = A24E0972177451EF00DC79DE /* main.m */; };
		A24E0977177451EF00DC79DE /* AppDelegate.m in Sources */ = {isa = PBXBuildFile; fileRef = A24E0976177451EF00DC79DE /* AppDelegate.m */; };
		A24E0979177451EF00DC79DE /* Default.png in Resources */ = {isa = PBXBuildFile; fileRef = A24E0978177451EF00DC79DE /* Default.png */; };
		A24E097B177451EF00DC79DE /* Default@2x.png in Resources */ = {isa = PBXBuildFile; fileRef = A24E097A177451EF00DC79DE /* Default@2x.png */; };
		A24E097D177451EF00DC79DE /* Default-568h@2x.png in Resources */ = {isa = PBXBuildFile; fileRef = A24E097C177451EF00DC79DE /* Default-568h@2x.png */; };
		A24E0980177451EF00DC79DE /* MainStoryboard_iPhone.storyboard in Resources */ = {isa = PBXBuildFile; fileRef = A24E097E177451EF00DC79DE /* MainStoryboard_iPhone.storyboard */; };
		A24E0983177451EF00DC79DE /* MainStoryboard_iPad.storyboard in Resources */ = {isa = PBXBuildFile; fileRef = A24E0981177451EF00DC79DE /* MainStoryboard_iPad.storyboard */; };
		A24E0986177451EF00DC79DE /* MasterViewController.m in Sources */ = {isa = PBXBuildFile; fileRef = A24E0985177451EF00DC79DE /* MasterViewController.m */; };
		A24E0989177451EF00DC79DE /* DetailViewController.m in Sources */ = {isa = PBXBuildFile; fileRef = A24E0988177451EF00DC79DE /* DetailViewController.m */; };
		A24E0991177451EF00DC79DE /* SenTestingKit.framework in Frameworks */ = {isa = PBXBuildFile; fileRef = A24E0990177451EF00DC79DE /* SenTestingKit.framework */; };
		A24E0992177451EF00DC79DE /* UIKit.framework in Frameworks */ = {isa = PBXBuildFile; fileRef = A24E0966177451EF00DC79DE /* UIKit.framework */; };
		A24E0993177451EF00DC79DE /* Foundation.framework in Frameworks */ = {isa = PBXBuildFile; fileRef = A24E0968177451EF00DC79DE /* Foundation.framework */; };
		A24E099B177451F000DC79DE /* InfoPlist.strings in Resources */ = {isa = PBXBuildFile; fileRef = A24E0999177451F000DC79DE /* InfoPlist.strings */; };
		A24E099E177451F000DC79DE /* ErzbierschofsTapsTests.m in Sources */ = {isa = PBXBuildFile; fileRef = A24E099D177451F000DC79DE /* ErzbierschofsTapsTests.m */; };
		A24E09AC1774579700DC79DE /* Bar.m in Sources */ = {isa = PBXBuildFile; fileRef = A24E09AB1774579700DC79DE /* Bar.m */; };
		A24E09B017745EAA00DC79DE /* TapInfo.m in Sources */ = {isa = PBXBuildFile; fileRef = A24E09AF17745EAA00DC79DE /* TapInfo.m */; };
		A24E09B91774718600DC79DE /* TFHpple.m in Sources */ = {isa = PBXBuildFile; fileRef = A24E09B41774718600DC79DE /* TFHpple.m */; };
		A24E09BA1774718600DC79DE /* TFHppleElement.m in Sources */ = {isa = PBXBuildFile; fileRef = A24E09B61774718600DC79DE /* TFHppleElement.m */; };
		A24E09BB1774718600DC79DE /* XPathQuery.m in Sources */ = {isa = PBXBuildFile; fileRef = A24E09B81774718600DC79DE /* XPathQuery.m */; };
		A24E09BD1774721600DC79DE /* libxml2.2.dylib in Frameworks */ = {isa = PBXBuildFile; fileRef = A24E09BC1774721600DC79DE /* libxml2.2.dylib */; };
		A2852C8917799D0E00001FFA /* libMBProgressHUD.a in Frameworks */ = {isa = PBXBuildFile; fileRef = A2852C8817799CD700001FFA /* libMBProgressHUD.a */; };
		A2852C911779CCD600001FFA /* erz_icon.png in Resources */ = {isa = PBXBuildFile; fileRef = A2852C901779CCD600001FFA /* erz_icon.png */; };
		A2852C951779CD3700001FFA /* erz_icon_retina.png in Resources */ = {isa = PBXBuildFile; fileRef = A2852C941779CD3700001FFA /* erz_icon_retina.png */; };
		A2AF3105177884F1008F106F /* TapTableCell.xib in Resources */ = {isa = PBXBuildFile; fileRef = A2AF3104177884F1008F106F /* TapTableCell.xib */; };
		A2AF31081778862B008F106F /* TapTableCell.m in Sources */ = {isa = PBXBuildFile; fileRef = A2AF31071778862B008F106F /* TapTableCell.m */; };
/* End PBXBuildFile section */

/* Begin PBXContainerItemProxy section */
		A24E0994177451EF00DC79DE /* PBXContainerItemProxy */ = {
			isa = PBXContainerItemProxy;
			containerPortal = A24E095B177451EF00DC79DE /* Project object */;
			proxyType = 1;
			remoteGlobalIDString = A24E0962177451EF00DC79DE;
			remoteInfo = ErzbierschofsTaps;
		};
		A2852C8717799CD700001FFA /* PBXContainerItemProxy */ = {
			isa = PBXContainerItemProxy;
			containerPortal = A2852C8317799CD700001FFA /* MBProgressHUD.xcodeproj */;
			proxyType = 2;
			remoteGlobalIDString = D286A7491518C70F00E13FB8;
			remoteInfo = MBProgressHUD;
		};
		A2852C8A17799D2000001FFA /* PBXContainerItemProxy */ = {
			isa = PBXContainerItemProxy;
			containerPortal = A2852C8317799CD700001FFA /* MBProgressHUD.xcodeproj */;
			proxyType = 1;
			remoteGlobalIDString = D286A7481518C70F00E13FB8;
			remoteInfo = MBProgressHUD;
		};
/* End PBXContainerItemProxy section */

/* Begin PBXFileReference section */
		A24E0963177451EF00DC79DE /* ErzbierschofsTaps.app */ = {isa = PBXFileReference; explicitFileType = wrapper.application; includeInIndex = 0; path = ErzbierschofsTaps.app; sourceTree = BUILT_PRODUCTS_DIR; };
		A24E0966177451EF00DC79DE /* UIKit.framework */ = {isa = PBXFileReference; lastKnownFileType = wrapper.framework; name = UIKit.framework; path = System/Library/Frameworks/UIKit.framework; sourceTree = SDKROOT; };
		A24E0968177451EF00DC79DE /* Foundation.framework */ = {isa = PBXFileReference; lastKnownFileType = wrapper.framework; name = Foundation.framework; path = System/Library/Frameworks/Foundation.framework; sourceTree = SDKROOT; };
		A24E096A177451EF00DC79DE /* CoreGraphics.framework */ = {isa = PBXFileReference; lastKnownFileType = wrapper.framework; name = CoreGraphics.framework; path = System/Library/Frameworks/CoreGraphics.framework; sourceTree = SDKROOT; };
		A24E096E177451EF00DC79DE /* ErzbierschofsTaps-Info.plist */ = {isa = PBXFileReference; lastKnownFileType = text.plist.xml; path = "ErzbierschofsTaps-Info.plist"; sourceTree = "<group>"; };
		A24E0970177451EF00DC79DE /* en */ = {isa = PBXFileReference; lastKnownFileType = text.plist.strings; name = en; path = en.lproj/InfoPlist.strings; sourceTree = "<group>"; };
		A24E0972177451EF00DC79DE /* main.m */ = {isa = PBXFileReference; lastKnownFileType = sourcecode.c.objc; path = main.m; sourceTree = "<group>"; };
		A24E0974177451EF00DC79DE /* ErzbierschofsTaps-Prefix.pch */ = {isa = PBXFileReference; lastKnownFileType = sourcecode.c.h; path = "ErzbierschofsTaps-Prefix.pch"; sourceTree = "<group>"; };
		A24E0975177451EF00DC79DE /* AppDelegate.h */ = {isa = PBXFileReference; lastKnownFileType = sourcecode.c.h; path = AppDelegate.h; sourceTree = "<group>"; };
		A24E0976177451EF00DC79DE /* AppDelegate.m */ = {isa = PBXFileReference; lastKnownFileType = sourcecode.c.objc; path = AppDelegate.m; sourceTree = "<group>"; };
		A24E0978177451EF00DC79DE /* Default.png */ = {isa = PBXFileReference; lastKnownFileType = image.png; path = Default.png; sourceTree = "<group>"; };
		A24E097A177451EF00DC79DE /* Default@2x.png */ = {isa = PBXFileReference; lastKnownFileType = image.png; path = "Default@2x.png"; sourceTree = "<group>"; };
		A24E097C177451EF00DC79DE /* Default-568h@2x.png */ = {isa = PBXFileReference; lastKnownFileType = image.png; path = "Default-568h@2x.png"; sourceTree = "<group>"; };
		A24E097F177451EF00DC79DE /* en */ = {isa = PBXFileReference; lastKnownFileType = file.storyboard; name = en; path = en.lproj/MainStoryboard_iPhone.storyboard; sourceTree = "<group>"; };
		A24E0982177451EF00DC79DE /* en */ = {isa = PBXFileReference; lastKnownFileType = file.storyboard; name = en; path = en.lproj/MainStoryboard_iPad.storyboard; sourceTree = "<group>"; };
		A24E0984177451EF00DC79DE /* MasterViewController.h */ = {isa = PBXFileReference; lastKnownFileType = sourcecode.c.h; path = MasterViewController.h; sourceTree = "<group>"; };
		A24E0985177451EF00DC79DE /* MasterViewController.m */ = {isa = PBXFileReference; lastKnownFileType = sourcecode.c.objc; path = MasterViewController.m; sourceTree = "<group>"; };
		A24E0987177451EF00DC79DE /* DetailViewController.h */ = {isa = PBXFileReference; lastKnownFileType = sourcecode.c.h; path = DetailViewController.h; sourceTree = "<group>"; };
		A24E0988177451EF00DC79DE /* DetailViewController.m */ = {isa = PBXFileReference; lastKnownFileType = sourcecode.c.objc; path = DetailViewController.m; sourceTree = "<group>"; };
		A24E098F177451EF00DC79DE /* ErzbierschofsTapsTests.octest */ = {isa = PBXFileReference; explicitFileType = wrapper.cfbundle; includeInIndex = 0; path = ErzbierschofsTapsTests.octest; sourceTree = BUILT_PRODUCTS_DIR; };
		A24E0990177451EF00DC79DE /* SenTestingKit.framework */ = {isa = PBXFileReference; lastKnownFileType = wrapper.framework; name = SenTestingKit.framework; path = Library/Frameworks/SenTestingKit.framework; sourceTree = DEVELOPER_DIR; };
		A24E0998177451F000DC79DE /* ErzbierschofsTapsTests-Info.plist */ = {isa = PBXFileReference; lastKnownFileType = text.plist.xml; path = "ErzbierschofsTapsTests-Info.plist"; sourceTree = "<group>"; };
		A24E099A177451F000DC79DE /* en */ = {isa = PBXFileReference; lastKnownFileType = text.plist.strings; name = en; path = en.lproj/InfoPlist.strings; sourceTree = "<group>"; };
		A24E099C177451F000DC79DE /* ErzbierschofsTapsTests.h */ = {isa = PBXFileReference; lastKnownFileType = sourcecode.c.h; path = ErzbierschofsTapsTests.h; sourceTree = "<group>"; };
		A24E099D177451F000DC79DE /* ErzbierschofsTapsTests.m */ = {isa = PBXFileReference; lastKnownFileType = sourcecode.c.objc; path = ErzbierschofsTapsTests.m; sourceTree = "<group>"; };
		A24E09AA1774579700DC79DE /* Bar.h */ = {isa = PBXFileReference; fileEncoding = 4; lastKnownFileType = sourcecode.c.h; path = Bar.h; sourceTree = "<group>"; };
		A24E09AB1774579700DC79DE /* Bar.m */ = {isa = PBXFileReference; fileEncoding = 4; lastKnownFileType = sourcecode.c.objc; path = Bar.m; sourceTree = "<group>"; };
		A24E09AE17745EAA00DC79DE /* TapInfo.h */ = {isa = PBXFileReference; fileEncoding = 4; lastKnownFileType = sourcecode.c.h; path = TapInfo.h; sourceTree = "<group>"; };
		A24E09AF17745EAA00DC79DE /* TapInfo.m */ = {isa = PBXFileReference; fileEncoding = 4; lastKnownFileType = sourcecode.c.objc; path = TapInfo.m; sourceTree = "<group>"; };
		A24E09B31774718600DC79DE /* TFHpple.h */ = {isa = PBXFileReference; fileEncoding = 4; lastKnownFileType = sourcecode.c.h; name = TFHpple.h; path = "../../../../../Downloads/hpple-master/TFHpple.h"; sourceTree = "<group>"; };
		A24E09B41774718600DC79DE /* TFHpple.m */ = {isa = PBXFileReference; fileEncoding = 4; lastKnownFileType = sourcecode.c.objc; name = TFHpple.m; path = "../../../../../Downloads/hpple-master/TFHpple.m"; sourceTree = "<group>"; };
		A24E09B51774718600DC79DE /* TFHppleElement.h */ = {isa = PBXFileReference; fileEncoding = 4; lastKnownFileType = sourcecode.c.h; name = TFHppleElement.h; path = "../../../../../Downloads/hpple-master/TFHppleElement.h"; sourceTree = "<group>"; };
		A24E09B61774718600DC79DE /* TFHppleElement.m */ = {isa = PBXFileReference; fileEncoding = 4; lastKnownFileType = sourcecode.c.objc; name = TFHppleElement.m; path = "../../../../../Downloads/hpple-master/TFHppleElement.m"; sourceTree = "<group>"; };
		A24E09B71774718600DC79DE /* XPathQuery.h */ = {isa = PBXFileReference; fileEncoding = 4; lastKnownFileType = sourcecode.c.h; name = XPathQuery.h; path = "../../../../../Downloads/hpple-master/XPathQuery.h"; sourceTree = "<group>"; };
		A24E09B81774718600DC79DE /* XPathQuery.m */ = {isa = PBXFileReference; fileEncoding = 4; lastKnownFileType = sourcecode.c.objc; name = XPathQuery.m; path = "../../../../../Downloads/hpple-master/XPathQuery.m"; sourceTree = "<group>"; };
		A24E09BC1774721600DC79DE /* libxml2.2.dylib */ = {isa = PBXFileReference; lastKnownFileType = "compiled.mach-o.dylib"; name = libxml2.2.dylib; path = usr/lib/libxml2.2.dylib; sourceTree = SDKROOT; };
		A2852C8317799CD700001FFA /* MBProgressHUD.xcodeproj */ = {isa = PBXFileReference; lastKnownFileType = "wrapper.pb-project"; name = MBProgressHUD.xcodeproj; path = "../../../../Downloads/MBProgressHUD-master/MBProgressHUD.xcodeproj"; sourceTree = "<group>"; };
		A2852C901779CCD600001FFA /* erz_icon.png */ = {isa = PBXFileReference; lastKnownFileType = image.png; name = erz_icon.png; path = ../erz_icon.png; sourceTree = "<group>"; };
		A2852C941779CD3700001FFA /* erz_icon_retina.png */ = {isa = PBXFileReference; lastKnownFileType = image.png; name = erz_icon_retina.png; path = ../erz_icon_retina.png; sourceTree = "<group>"; };
		A2AF3104177884F1008F106F /* TapTableCell.xib */ = {isa = PBXFileReference; fileEncoding = 4; lastKnownFileType = file.xib; path = TapTableCell.xib; sourceTree = "<group>"; };
		A2AF31061778862B008F106F /* TapTableCell.h */ = {isa = PBXFileReference; fileEncoding = 4; lastKnownFileType = sourcecode.c.h; path = TapTableCell.h; sourceTree = "<group>"; };
		A2AF31071778862B008F106F /* TapTableCell.m */ = {isa = PBXFileReference; fileEncoding = 4; lastKnownFileType = sourcecode.c.objc; path = TapTableCell.m; sourceTree = "<group>"; };
/* End PBXFileReference section */

/* Begin PBXFrameworksBuildPhase section */
		A24E0960177451EF00DC79DE /* Frameworks */ = {
			isa = PBXFrameworksBuildPhase;
			buildActionMask = 2147483647;
			files = (
				A2852C8917799D0E00001FFA /* libMBProgressHUD.a in Frameworks */,
				A24E09BD1774721600DC79DE /* libxml2.2.dylib in Frameworks */,
				A24E0967177451EF00DC79DE /* UIKit.framework in Frameworks */,
				A24E0969177451EF00DC79DE /* Foundation.framework in Frameworks */,
				A24E096B177451EF00DC79DE /* CoreGraphics.framework in Frameworks */,
			);
			runOnlyForDeploymentPostprocessing = 0;
		};
		A24E098B177451EF00DC79DE /* Frameworks */ = {
			isa = PBXFrameworksBuildPhase;
			buildActionMask = 2147483647;
			files = (
				A24E0991177451EF00DC79DE /* SenTestingKit.framework in Frameworks */,
				A24E0992177451EF00DC79DE /* UIKit.framework in Frameworks */,
				A24E0993177451EF00DC79DE /* Foundation.framework in Frameworks */,
			);
			runOnlyForDeploymentPostprocessing = 0;
		};
/* End PBXFrameworksBuildPhase section */

/* Begin PBXGroup section */
		A24E095A177451EF00DC79DE = {
			isa = PBXGroup;
			children = (
				A24E09BC1774721600DC79DE /* libxml2.2.dylib */,
				A2852C8317799CD700001FFA /* MBProgressHUD.xcodeproj */,
				A24E096C177451EF00DC79DE /* ErzbierschofsTaps */,
				A24E0996177451EF00DC79DE /* ErzbierschofsTapsTests */,
				A24E0965177451EF00DC79DE /* Frameworks */,
				A24E0964177451EF00DC79DE /* Products */,
			);
			sourceTree = "<group>";
		};
		A24E0964177451EF00DC79DE /* Products */ = {
			isa = PBXGroup;
			children = (
				A24E0963177451EF00DC79DE /* ErzbierschofsTaps.app */,
				A24E098F177451EF00DC79DE /* ErzbierschofsTapsTests.octest */,
			);
			name = Products;
			sourceTree = "<group>";
		};
		A24E0965177451EF00DC79DE /* Frameworks */ = {
			isa = PBXGroup;
			children = (
				A24E0966177451EF00DC79DE /* UIKit.framework */,
				A24E0968177451EF00DC79DE /* Foundation.framework */,
				A24E096A177451EF00DC79DE /* CoreGraphics.framework */,
				A24E0990177451EF00DC79DE /* SenTestingKit.framework */,
			);
			name = Frameworks;
			sourceTree = "<group>";
		};
		A24E096C177451EF00DC79DE /* ErzbierschofsTaps */ = {
			isa = PBXGroup;
			children = (
				A24E09B21774714100DC79DE /* hpple */,
				A24E09B11774634700DC79DE /* GUI */,
				A24E09AD17745A5B00DC79DE /* Model */,
				A24E096D177451EF00DC79DE /* Supporting Files */,
			);
			path = ErzbierschofsTaps;
			sourceTree = "<group>";
		};
		A24E096D177451EF00DC79DE /* Supporting Files */ = {
			isa = PBXGroup;
			children = (
				A2852C941779CD3700001FFA /* erz_icon_retina.png */,
				A2852C901779CCD600001FFA /* erz_icon.png */,
				A24E096E177451EF00DC79DE /* ErzbierschofsTaps-Info.plist */,
				A24E096F177451EF00DC79DE /* InfoPlist.strings */,
				A24E0972177451EF00DC79DE /* main.m */,
				A24E0974177451EF00DC79DE /* ErzbierschofsTaps-Prefix.pch */,
				A24E0978177451EF00DC79DE /* Default.png */,
				A24E097A177451EF00DC79DE /* Default@2x.png */,
				A24E097C177451EF00DC79DE /* Default-568h@2x.png */,
			);
			name = "Supporting Files";
			sourceTree = "<group>";
		};
		A24E0996177451EF00DC79DE /* ErzbierschofsTapsTests */ = {
			isa = PBXGroup;
			children = (
				A24E099C177451F000DC79DE /* ErzbierschofsTapsTests.h */,
				A24E099D177451F000DC79DE /* ErzbierschofsTapsTests.m */,
				A24E0997177451F000DC79DE /* Supporting Files */,
			);
			path = ErzbierschofsTapsTests;
			sourceTree = "<group>";
		};
		A24E0997177451F000DC79DE /* Supporting Files */ = {
			isa = PBXGroup;
			children = (
				A24E0998177451F000DC79DE /* ErzbierschofsTapsTests-Info.plist */,
				A24E0999177451F000DC79DE /* InfoPlist.strings */,
			);
			name = "Supporting Files";
			sourceTree = "<group>";
		};
		A24E09AD17745A5B00DC79DE /* Model */ = {
			isa = PBXGroup;
			children = (
				A24E09AA1774579700DC79DE /* Bar.h */,
				A24E09AB1774579700DC79DE /* Bar.m */,
				A24E09AE17745EAA00DC79DE /* TapInfo.h */,
				A24E09AF17745EAA00DC79DE /* TapInfo.m */,
			);
			name = Model;
			sourceTree = "<group>";
		};
		A24E09B11774634700DC79DE /* GUI */ = {
			isa = PBXGroup;
			children = (
				A24E0975177451EF00DC79DE /* AppDelegate.h */,
				A24E0976177451EF00DC79DE /* AppDelegate.m */,
				A24E097E177451EF00DC79DE /* MainStoryboard_iPhone.storyboard */,
				A24E0981177451EF00DC79DE /* MainStoryboard_iPad.storyboard */,
				A24E0984177451EF00DC79DE /* MasterViewController.h */,
				A24E0985177451EF00DC79DE /* MasterViewController.m */,
				A24E0987177451EF00DC79DE /* DetailViewController.h */,
				A24E0988177451EF00DC79DE /* DetailViewController.m */,
				A2AF3104177884F1008F106F /* TapTableCell.xib */,
				A2AF31061778862B008F106F /* TapTableCell.h */,
				A2AF31071778862B008F106F /* TapTableCell.m */,
			);
			name = GUI;
			sourceTree = "<group>";
		};
		A24E09B21774714100DC79DE /* hpple */ = {
			isa = PBXGroup;
			children = (
				A24E09B31774718600DC79DE /* TFHpple.h */,
				A24E09B41774718600DC79DE /* TFHpple.m */,
				A24E09B51774718600DC79DE /* TFHppleElement.h */,
				A24E09B61774718600DC79DE /* TFHppleElement.m */,
				A24E09B71774718600DC79DE /* XPathQuery.h */,
				A24E09B81774718600DC79DE /* XPathQuery.m */,
			);
			name = hpple;
			sourceTree = "<group>";
		};
		A2852C8417799CD700001FFA /* Products */ = {
			isa = PBXGroup;
			children = (
				A2852C8817799CD700001FFA /* libMBProgressHUD.a */,
			);
			name = Products;
			sourceTree = "<group>";
		};
/* End PBXGroup section */

/* Begin PBXNativeTarget section */
		A24E0962177451EF00DC79DE /* ErzbierschofsTaps */ = {
			isa = PBXNativeTarget;
			buildConfigurationList = A24E09A1177451F000DC79DE /* Build configuration list for PBXNativeTarget "ErzbierschofsTaps" */;
			buildPhases = (
				A24E095F177451EF00DC79DE /* Sources */,
				A24E0960177451EF00DC79DE /* Frameworks */,
				A24E0961177451EF00DC79DE /* Resources */,
			);
			buildRules = (
			);
			dependencies = (
				A2852C8B17799D2000001FFA /* PBXTargetDependency */,
			);
			name = ErzbierschofsTaps;
			productName = ErzbierschofsTaps;
			productReference = A24E0963177451EF00DC79DE /* ErzbierschofsTaps.app */;
			productType = "com.apple.product-type.application";
		};
		A24E098E177451EF00DC79DE /* ErzbierschofsTapsTests */ = {
			isa = PBXNativeTarget;
			buildConfigurationList = A24E09A4177451F000DC79DE /* Build configuration list for PBXNativeTarget "ErzbierschofsTapsTests" */;
			buildPhases = (
				A24E098A177451EF00DC79DE /* Sources */,
				A24E098B177451EF00DC79DE /* Frameworks */,
				A24E098C177451EF00DC79DE /* Resources */,
				A24E098D177451EF00DC79DE /* ShellScript */,
			);
			buildRules = (
			);
			dependencies = (
				A24E0995177451EF00DC79DE /* PBXTargetDependency */,
			);
			name = ErzbierschofsTapsTests;
			productName = ErzbierschofsTapsTests;
			productReference = A24E098F177451EF00DC79DE /* ErzbierschofsTapsTests.octest */;
			productType = "com.apple.product-type.bundle";
		};
/* End PBXNativeTarget section */

/* Begin PBXProject section */
		A24E095B177451EF00DC79DE /* Project object */ = {
			isa = PBXProject;
			attributes = {
				LastUpgradeCheck = 0460;
				ORGANIZATIONNAME = "Giacomo Ghezzi";
			};
			buildConfigurationList = A24E095E177451EF00DC79DE /* Build configuration list for PBXProject "ErzbierschofsTaps" */;
			compatibilityVersion = "Xcode 3.2";
			developmentRegion = English;
			hasScannedForEncodings = 0;
			knownRegions = (
				en,
			);
			mainGroup = A24E095A177451EF00DC79DE;
			productRefGroup = A24E0964177451EF00DC79DE /* Products */;
			projectDirPath = "";
			projectReferences = (
				{
					ProductGroup = A2852C8417799CD700001FFA /* Products */;
					ProjectRef = A2852C8317799CD700001FFA /* MBProgressHUD.xcodeproj */;
				},
			);
			projectRoot = "";
			targets = (
				A24E0962177451EF00DC79DE /* ErzbierschofsTaps */,
				A24E098E177451EF00DC79DE /* ErzbierschofsTapsTests */,
			);
		};
/* End PBXProject section */

/* Begin PBXReferenceProxy section */
		A2852C8817799CD700001FFA /* libMBProgressHUD.a */ = {
			isa = PBXReferenceProxy;
			fileType = archive.ar;
			path = libMBProgressHUD.a;
			remoteRef = A2852C8717799CD700001FFA /* PBXContainerItemProxy */;
			sourceTree = BUILT_PRODUCTS_DIR;
		};
/* End PBXReferenceProxy section */

/* Begin PBXResourcesBuildPhase section */
		A24E0961177451EF00DC79DE /* Resources */ = {
			isa = PBXResourcesBuildPhase;
			buildActionMask = 2147483647;
			files = (
				A24E0971177451EF00DC79DE /* InfoPlist.strings in Resources */,
				A24E0979177451EF00DC79DE /* Default.png in Resources */,
				A24E097B177451EF00DC79DE /* Default@2x.png in Resources */,
				A24E097D177451EF00DC79DE /* Default-568h@2x.png in Resources */,
				A24E0980177451EF00DC79DE /* MainStoryboard_iPhone.storyboard in Resources */,
				A24E0983177451EF00DC79DE /* MainStoryboard_iPad.storyboard in Resources */,
				A2AF3105177884F1008F106F /* TapTableCell.xib in Resources */,
				A2852C911779CCD600001FFA /* erz_icon.png in Resources */,
				A2852C951779CD3700001FFA /* erz_icon_retina.png in Resources */,
			);
			runOnlyForDeploymentPostprocessing = 0;
		};
		A24E098C177451EF00DC79DE /* Resources */ = {
			isa = PBXResourcesBuildPhase;
			buildActionMask = 2147483647;
			files = (
				A24E099B177451F000DC79DE /* InfoPlist.strings in Resources */,
			);
			runOnlyForDeploymentPostprocessing = 0;
		};
/* End PBXResourcesBuildPhase section */

/* Begin PBXShellScriptBuildPhase section */
		A24E098D177451EF00DC79DE /* ShellScript */ = {
			isa = PBXShellScriptBuildPhase;
			buildActionMask = 2147483647;
			files = (
			);
			inputPaths = (
			);
			outputPaths = (
			);
			runOnlyForDeploymentPostprocessing = 0;
			shellPath = /bin/sh;
			shellScript = "# Run the unit tests in this test bundle.\n\"${SYSTEM_DEVELOPER_DIR}/Tools/RunUnitTests\"\n";
		};
/* End PBXShellScriptBuildPhase section */

/* Begin PBXSourcesBuildPhase section */
		A24E095F177451EF00DC79DE /* Sources */ = {
			isa = PBXSourcesBuildPhase;
			buildActionMask = 2147483647;
			files = (
				A24E0973177451EF00DC79DE /* main.m in Sources */,
				A24E0977177451EF00DC79DE /* AppDelegate.m in Sources */,
				A24E0986177451EF00DC79DE /* MasterViewController.m in Sources */,
				A24E0989177451EF00DC79DE /* DetailViewController.m in Sources */,
				A24E09AC1774579700DC79DE /* Bar.m in Sources */,
				A24E09B017745EAA00DC79DE /* TapInfo.m in Sources */,
				A24E09B91774718600DC79DE /* TFHpple.m in Sources */,
				A24E09BA1774718600DC79DE /* TFHppleElement.m in Sources */,
				A24E09BB1774718600DC79DE /* XPathQuery.m in Sources */,
				A2AF31081778862B008F106F /* TapTableCell.m in Sources */,
			);
			runOnlyForDeploymentPostprocessing = 0;
		};
		A24E098A177451EF00DC79DE /* Sources */ = {
			isa = PBXSourcesBuildPhase;
			buildActionMask = 2147483647;
			files = (
				A24E099E177451F000DC79DE /* ErzbierschofsTapsTests.m in Sources */,
			);
			runOnlyForDeploymentPostprocessing = 0;
		};
/* End PBXSourcesBuildPhase section */

/* Begin PBXTargetDependency section */
		A24E0995177451EF00DC79DE /* PBXTargetDependency */ = {
			isa = PBXTargetDependency;
			target = A24E0962177451EF00DC79DE /* ErzbierschofsTaps */;
			targetProxy = A24E0994177451EF00DC79DE /* PBXContainerItemProxy */;
		};
		A2852C8B17799D2000001FFA /* PBXTargetDependency */ = {
			isa = PBXTargetDependency;
			name = MBProgressHUD;
			targetProxy = A2852C8A17799D2000001FFA /* PBXContainerItemProxy */;
		};
/* End PBXTargetDependency section */

/* Begin PBXVariantGroup section */
		A24E096F177451EF00DC79DE /* InfoPlist.strings */ = {
			isa = PBXVariantGroup;
			children = (
				A24E0970177451EF00DC79DE /* en */,
			);
			name = InfoPlist.strings;
			sourceTree = "<group>";
		};
		A24E097E177451EF00DC79DE /* MainStoryboard_iPhone.storyboard */ = {
			isa = PBXVariantGroup;
			children = (
				A24E097F177451EF00DC79DE /* en */,
			);
			name = MainStoryboard_iPhone.storyboard;
			sourceTree = "<group>";
		};
		A24E0981177451EF00DC79DE /* MainStoryboard_iPad.storyboard */ = {
			isa = PBXVariantGroup;
			children = (
				A24E0982177451EF00DC79DE /* en */,
			);
			name = MainStoryboard_iPad.storyboard;
			sourceTree = "<group>";
		};
		A24E0999177451F000DC79DE /* InfoPlist.strings */ = {
			isa = PBXVariantGroup;
			children = (
				A24E099A177451F000DC79DE /* en */,
			);
			name = InfoPlist.strings;
			sourceTree = "<group>";
		};
/* End PBXVariantGroup section */

/* Begin XCBuildConfiguration section */
		A24E099F177451F000DC79DE /* Debug */ = {
			isa = XCBuildConfiguration;
			buildSettings = {
				ALWAYS_SEARCH_USER_PATHS = NO;
				CLANG_CXX_LANGUAGE_STANDARD = "gnu++0x";
				CLANG_CXX_LIBRARY = "libc++";
				CLANG_ENABLE_OBJC_ARC = YES;
				CLANG_WARN_CONSTANT_CONVERSION = YES;
				CLANG_WARN_EMPTY_BODY = YES;
				CLANG_WARN_ENUM_CONVERSION = YES;
				CLANG_WARN_INT_CONVERSION = YES;
				CLANG_WARN__DUPLICATE_METHOD_MATCH = YES;
				"CODE_SIGN_IDENTITY[sdk=iphoneos*]" = "iPhone Developer";
				COPY_PHASE_STRIP = NO;
				GCC_C_LANGUAGE_STANDARD = gnu99;
				GCC_DYNAMIC_NO_PIC = NO;
				GCC_OPTIMIZATION_LEVEL = 0;
				GCC_PREPROCESSOR_DEFINITIONS = (
					"DEBUG=1",
					"$(inherited)",
				);
				GCC_SYMBOLS_PRIVATE_EXTERN = NO;
				GCC_WARN_ABOUT_RETURN_TYPE = YES;
				GCC_WARN_UNINITIALIZED_AUTOS = YES;
				GCC_WARN_UNUSED_VARIABLE = YES;
				IPHONEOS_DEPLOYMENT_TARGET = 6.1;
				ONLY_ACTIVE_ARCH = YES;
				SDKROOT = iphoneos;
				TARGETED_DEVICE_FAMILY = "1,2";
			};
			name = Debug;
		};
		A24E09A0177451F000DC79DE /* Release */ = {
			isa = XCBuildConfiguration;
			buildSettings = {
				ALWAYS_SEARCH_USER_PATHS = NO;
				CLANG_CXX_LANGUAGE_STANDARD = "gnu++0x";
				CLANG_CXX_LIBRARY = "libc++";
				CLANG_ENABLE_OBJC_ARC = YES;
				CLANG_WARN_CONSTANT_CONVERSION = YES;
				CLANG_WARN_EMPTY_BODY = YES;
				CLANG_WARN_ENUM_CONVERSION = YES;
				CLANG_WARN_INT_CONVERSION = YES;
				CLANG_WARN__DUPLICATE_METHOD_MATCH = YES;
				"CODE_SIGN_IDENTITY[sdk=iphoneos*]" = "iPhone Developer";
				COPY_PHASE_STRIP = YES;
				GCC_C_LANGUAGE_STANDARD = gnu99;
				GCC_WARN_ABOUT_RETURN_TYPE = YES;
				GCC_WARN_UNINITIALIZED_AUTOS = YES;
				GCC_WARN_UNUSED_VARIABLE = YES;
				IPHONEOS_DEPLOYMENT_TARGET = 6.1;
				OTHER_CFLAGS = "-DNS_BLOCK_ASSERTIONS=1";
				SDKROOT = iphoneos;
				TARGETED_DEVICE_FAMILY = "1,2";
				VALIDATE_PRODUCT = YES;
			};
			name = Release;
		};
		A24E09A2177451F000DC79DE /* Debug */ = {
			isa = XCBuildConfiguration;
			buildSettings = {
				GCC_PRECOMPILE_PREFIX_HEADER = YES;
				GCC_PREFIX_HEADER = "ErzbierschofsTaps/ErzbierschofsTaps-Prefix.pch";
				HEADER_SEARCH_PATHS = "$(SDKROOT)/usr/include/libxml2";
				INFOPLIST_FILE = "ErzbierschofsTaps/ErzbierschofsTaps-Info.plist";
				PRODUCT_NAME = "$(TARGET_NAME)";
				WRAPPER_EXTENSION = app;
			};
			name = Debug;
		};
		A24E09A3177451F000DC79DE /* Release */ = {
			isa = XCBuildConfiguration;
			buildSettings = {
				GCC_PRECOMPILE_PREFIX_HEADER = YES;
				GCC_PREFIX_HEADER = "ErzbierschofsTaps/ErzbierschofsTaps-Prefix.pch";
				HEADER_SEARCH_PATHS = "$(SDKROOT)/usr/include/libxml2";
				INFOPLIST_FILE = "ErzbierschofsTaps/ErzbierschofsTaps-Info.plist";
				PRODUCT_NAME = "$(TARGET_NAME)";
				WRAPPER_EXTENSION = app;
			};
			name = Release;
		};
		A24E09A5177451F000DC79DE /* Debug */ = {
			isa = XCBuildConfiguration;
			buildSettings = {
				BUNDLE_LOADER = "$(BUILT_PRODUCTS_DIR)/ErzbierschofsTaps.app/ErzbierschofsTaps";
				FRAMEWORK_SEARCH_PATHS = (
					"\"$(SDKROOT)/Developer/Library/Frameworks\"",
					"\"$(DEVELOPER_LIBRARY_DIR)/Frameworks\"",
				);
				GCC_PRECOMPILE_PREFIX_HEADER = YES;
				GCC_PREFIX_HEADER = "ErzbierschofsTaps/ErzbierschofsTaps-Prefix.pch";
				INFOPLIST_FILE = "ErzbierschofsTapsTests/ErzbierschofsTapsTests-Info.plist";
				PRODUCT_NAME = "$(TARGET_NAME)";
				TEST_HOST = "$(BUNDLE_LOADER)";
				WRAPPER_EXTENSION = octest;
			};
			name = Debug;
		};
		A24E09A6177451F000DC79DE /* Release */ = {
			isa = XCBuildConfiguration;
			buildSettings = {
				BUNDLE_LOADER = "$(BUILT_PRODUCTS_DIR)/ErzbierschofsTaps.app/ErzbierschofsTaps";
				FRAMEWORK_SEARCH_PATHS = (
					"\"$(SDKROOT)/Developer/Library/Frameworks\"",
					"\"$(DEVELOPER_LIBRARY_DIR)/Frameworks\"",
				);
				GCC_PRECOMPILE_PREFIX_HEADER = YES;
				GCC_PREFIX_HEADER = "ErzbierschofsTaps/ErzbierschofsTaps-Prefix.pch";
				INFOPLIST_FILE = "ErzbierschofsTapsTests/ErzbierschofsTapsTests-Info.plist";
				PRODUCT_NAME = "$(TARGET_NAME)";
				TEST_HOST = "$(BUNDLE_LOADER)";
				WRAPPER_EXTENSION = octest;
			};
			name = Release;
		};
/* End XCBuildConfiguration section */

/* Begin XCConfigurationList section */
		A24E095E177451EF00DC79DE /* Build configuration list for PBXProject "ErzbierschofsTaps" */ = {
			isa = XCConfigurationList;
			buildConfigurations = (
				A24E099F177451F000DC79DE /* Debug */,
				A24E09A0177451F000DC79DE /* Release */,
			);
			defaultConfigurationIsVisible = 0;
			defaultConfigurationName = Release;
		};
		A24E09A1177451F000DC79DE /* Build configuration list for PBXNativeTarget "ErzbierschofsTaps" */ = {
			isa = XCConfigurationList;
			buildConfigurations = (
				A24E09A2177451F000DC79DE /* Debug */,
				A24E09A3177451F000DC79DE /* Release */,
			);
			defaultConfigurationIsVisible = 0;
			defaultConfigurationName = Release;
		};
		A24E09A4177451F000DC79DE /* Build configuration list for PBXNativeTarget "ErzbierschofsTapsTests" */ = {
			isa = XCConfigurationList;
			buildConfigurations = (
				A24E09A5177451F000DC79DE /* Debug */,
				A24E09A6177451F000DC79DE /* Release */,
			);
			defaultConfigurationIsVisible = 0;
			defaultConfigurationName = Release;
		};
/* End XCConfigurationList section */
	};
	rootObject = A24E095B177451EF00DC79DE /* Project object */;
}
