// !$*UTF8*$!
{
	archiveVersion = 1;
	classes = {
	};
	objectVersion = 46;
	objects = {

/* Begin PBXBuildFile section */
		A240CE5417980D9500473C94 /* todos.rtf in Resources */ = {isa = PBXBuildFile; fileRef = A240CE5317980D9500473C94 /* todos.rtf */; };
		A24E0967177451EF00DC79DE /* UIKit.framework in Frameworks */ = {isa = PBXBuildFile; fileRef = A24E0966177451EF00DC79DE /* UIKit.framework */; };
		A24E0969177451EF00DC79DE /* Foundation.framework in Frameworks */ = {isa = PBXBuildFile; fileRef = A24E0968177451EF00DC79DE /* Foundation.framework */; };
		A24E096B177451EF00DC79DE /* CoreGraphics.framework in Frameworks */ = {isa = PBXBuildFile; fileRef = A24E096A177451EF00DC79DE /* CoreGraphics.framework */; };
		A24E0971177451EF00DC79DE /* InfoPlist.strings in Resources */ = {isa = PBXBuildFile; fileRef = A24E096F177451EF00DC79DE /* InfoPlist.strings */; };
		A24E0973177451EF00DC79DE /* main.m in Sources */ = {isa = PBXBuildFile; fileRef = A24E0972177451EF00DC79DE /* main.m */; };
		A24E0977177451EF00DC79DE /* AppDelegate.m in Sources */ = {isa = PBXBuildFile; fileRef = A24E0976177451EF00DC79DE /* AppDelegate.m */; };
		A24E0979177451EF00DC79DE /* Default.png in Resources */ = {isa = PBXBuildFile; fileRef = A24E0978177451EF00DC79DE /* Default.png */; };
		A24E097B177451EF00DC79DE /* Default@2x.png in Resources */ = {isa = PBXBuildFile; fileRef = A24E097A177451EF00DC79DE /* Default@2x.png */; };
		A24E097D177451EF00DC79DE /* Default-568h@2x.png in Resources */ = {isa = PBXBuildFile; fileRef = A24E097C177451EF00DC79DE /* Default-568h@2x.png */; };
		A24E0980177451EF00DC79DE /* MainStoryboard_iPhone.storyboard in Resources */ = {isa = PBXBuildFile; fileRef = A24E097E177451EF00DC79DE /* MainStoryboard_iPhone.storyboard */; };
		A24E0986177451EF00DC79DE /* MasterViewController.m in Sources */ = {isa = PBXBuildFile; fileRef = A24E0985177451EF00DC79DE /* MasterViewController.m */; };
		A24E0989177451EF00DC79DE /* DetailViewController.m in Sources */ = {isa = PBXBuildFile; fileRef = A24E0988177451EF00DC79DE /* DetailViewController.m */; };
		A24E0991177451EF00DC79DE /* SenTestingKit.framework in Frameworks */ = {isa = PBXBuildFile; fileRef = A24E0990177451EF00DC79DE /* SenTestingKit.framework */; };
		A24E0992177451EF00DC79DE /* UIKit.framework in Frameworks */ = {isa = PBXBuildFile; fileRef = A24E0966177451EF00DC79DE /* UIKit.framework */; };
		A24E0993177451EF00DC79DE /* Foundation.framework in Frameworks */ = {isa = PBXBuildFile; fileRef = A24E0968177451EF00DC79DE /* Foundation.framework */; };
		A24E099B177451F000DC79DE /* InfoPlist.strings in Resources */ = {isa = PBXBuildFile; fileRef = A24E0999177451F000DC79DE /* InfoPlist.strings */; };
		A24E099E177451F000DC79DE /* ErzbierschofsTapsTests.m in Sources */ = {isa = PBXBuildFile; fileRef = A24E099D177451F000DC79DE /* ErzbierschofsTapsTests.m */; };
		A24E09AC1774579700DC79DE /* Bar.m in Sources */ = {isa = PBXBuildFile; fileRef = A24E09AB1774579700DC79DE /* Bar.m */; };
		A24E09B017745EAA00DC79DE /* TapInfo.m in Sources */ = {isa = PBXBuildFile; fileRef = A24E09AF17745EAA00DC79DE /* TapInfo.m */; };
		A24E09B91774718600DC79DE /* TFHpple.m in Sources */ = {isa = PBXBuildFile; fileRef = A24E09B41774718600DC79DE /* TFHpple.m */; };
		A24E09BA1774718600DC79DE /* TFHppleElement.m in Sources */ = {isa = PBXBuildFile; fileRef = A24E09B61774718600DC79DE /* TFHppleElement.m */; };
		A24E09BB1774718600DC79DE /* XPathQuery.m in Sources */ = {isa = PBXBuildFile; fileRef = A24E09B81774718600DC79DE /* XPathQuery.m */; };
		A24E09BD1774721600DC79DE /* libxml2.2.dylib in Frameworks */ = {isa = PBXBuildFile; fileRef = A24E09BC1774721600DC79DE /* libxml2.2.dylib */; };
		A259560017F97FE700629CA7 /* Images.xcassets in Resources */ = {isa = PBXBuildFile; fileRef = A25955FF17F97FE700629CA7 /* Images.xcassets */; };
		A2779C1217F98DE300390C12 /* UIApplication+SimulatorRemoteNotifications.m in Sources */ = {isa = PBXBuildFile; fileRef = A2779C1117F98DE300390C12 /* UIApplication+SimulatorRemoteNotifications.m */; };
		A2852C911779CCD600001FFA /* erz_icon.png in Resources */ = {isa = PBXBuildFile; fileRef = A2852C901779CCD600001FFA /* erz_icon.png */; };
		A2852C951779CD3700001FFA /* erz_icon_retina.png in Resources */ = {isa = PBXBuildFile; fileRef = A2852C941779CD3700001FFA /* erz_icon_retina.png */; };
		A2979BE5179842C0005A6CAF /* erz_liebefeld.png in Resources */ = {isa = PBXBuildFile; fileRef = A2979BE3179842C0005A6CAF /* erz_liebefeld.png */; };
		A2979BE6179842C0005A6CAF /* erz_winti.png in Resources */ = {isa = PBXBuildFile; fileRef = A2979BE4179842C0005A6CAF /* erz_winti.png */; };
		A2AF3105177884F1008F106F /* TapTableCell.xib in Resources */ = {isa = PBXBuildFile; fileRef = A2AF3104177884F1008F106F /* TapTableCell.xib */; };
		A2AF31081778862B008F106F /* TapTableCell.m in Sources */ = {isa = PBXBuildFile; fileRef = A2AF31071778862B008F106F /* TapTableCell.m */; };
		A2BF24C917D48D6A00D1C81D /* MBProgressHUD.m in Sources */ = {isa = PBXBuildFile; fileRef = A2BF24C817D48D6A00D1C81D /* MBProgressHUD.m */; };
		A2BF24CB17D48ED000D1C81D /* MBProgressHUD.m in Sources */ = {isa = PBXBuildFile; fileRef = A2BF24C817D48D6A00D1C81D /* MBProgressHUD.m */; };
		A2F13B6217FAFA5700D0FB90 /* Reachability.m in Sources */ = {isa = PBXBuildFile; fileRef = A2F13B6117FAFA5700D0FB90 /* Reachability.m */; };
		A2F13B6417FAFC3600D0FB90 /* SystemConfiguration.framework in Frameworks */ = {isa = PBXBuildFile; fileRef = A2F13B6317FAFC3600D0FB90 /* SystemConfiguration.framework */; };
		A2F13B6F17FB118000D0FB90 /* RatingBrowseViewController.m in Sources */ = {isa = PBXBuildFile; fileRef = A2F13B6E17FB118000D0FB90 /* RatingBrowseViewController.m */; };
		A2F13B8E17FB254D00D0FB90 /* blackButton.png in Resources */ = {isa = PBXBuildFile; fileRef = A2F13B7117FB254D00D0FB90 /* blackButton.png */; };
		A2F13B8F17FB254D00D0FB90 /* blackButton@2x.png in Resources */ = {isa = PBXBuildFile; fileRef = A2F13B7217FB254D00D0FB90 /* blackButton@2x.png */; };
		A2F13B9017FB254D00D0FB90 /* blackButtonHighlight.png in Resources */ = {isa = PBXBuildFile; fileRef = A2F13B7317FB254D00D0FB90 /* blackButtonHighlight.png */; };
		A2F13B9117FB254D00D0FB90 /* blackButtonHighlight@2x.png in Resources */ = {isa = PBXBuildFile; fileRef = A2F13B7417FB254D00D0FB90 /* blackButtonHighlight@2x.png */; };
		A2F13B9217FB254D00D0FB90 /* blueButton.png in Resources */ = {isa = PBXBuildFile; fileRef = A2F13B7517FB254D00D0FB90 /* blueButton.png */; };
		A2F13B9317FB254D00D0FB90 /* blueButton@2x.png in Resources */ = {isa = PBXBuildFile; fileRef = A2F13B7617FB254D00D0FB90 /* blueButton@2x.png */; };
		A2F13B9417FB254D00D0FB90 /* blueButtonHighlight.png in Resources */ = {isa = PBXBuildFile; fileRef = A2F13B7717FB254D00D0FB90 /* blueButtonHighlight.png */; };
		A2F13B9517FB254D00D0FB90 /* blueButtonHighlight@2x.png in Resources */ = {isa = PBXBuildFile; fileRef = A2F13B7817FB254D00D0FB90 /* blueButtonHighlight@2x.png */; };
		A2F13B9617FB254D00D0FB90 /* greenButton.png in Resources */ = {isa = PBXBuildFile; fileRef = A2F13B7917FB254D00D0FB90 /* greenButton.png */; };
		A2F13B9717FB254D00D0FB90 /* greenButton@2x.png in Resources */ = {isa = PBXBuildFile; fileRef = A2F13B7A17FB254D00D0FB90 /* greenButton@2x.png */; };
		A2F13B9817FB254D00D0FB90 /* greenButtonHighlight.png in Resources */ = {isa = PBXBuildFile; fileRef = A2F13B7B17FB254D00D0FB90 /* greenButtonHighlight.png */; };
		A2F13B9917FB254D00D0FB90 /* greenButtonHighlight@2x.png in Resources */ = {isa = PBXBuildFile; fileRef = A2F13B7C17FB254D00D0FB90 /* greenButtonHighlight@2x.png */; };
		A2F13B9A17FB254D00D0FB90 /* greyButton.png in Resources */ = {isa = PBXBuildFile; fileRef = A2F13B7D17FB254D00D0FB90 /* greyButton.png */; };
		A2F13B9B17FB254D00D0FB90 /* greyButton@2x.png in Resources */ = {isa = PBXBuildFile; fileRef = A2F13B7E17FB254D00D0FB90 /* greyButton@2x.png */; };
		A2F13B9C17FB254D00D0FB90 /* greyButton@2xpng in Resources */ = {isa = PBXBuildFile; fileRef = A2F13B7F17FB254D00D0FB90 /* greyButton@2xpng */; };
		A2F13B9D17FB254D00D0FB90 /* greyButtonHighlight.png in Resources */ = {isa = PBXBuildFile; fileRef = A2F13B8017FB254D00D0FB90 /* greyButtonHighlight.png */; };
		A2F13B9E17FB254D00D0FB90 /* greyButtonHighlight@2x.png in Resources */ = {isa = PBXBuildFile; fileRef = A2F13B8117FB254D00D0FB90 /* greyButtonHighlight@2x.png */; };
		A2F13B9F17FB254D00D0FB90 /* orangeButton.png in Resources */ = {isa = PBXBuildFile; fileRef = A2F13B8217FB254D00D0FB90 /* orangeButton.png */; };
		A2F13BA017FB254D00D0FB90 /* orangeButton@2x.png in Resources */ = {isa = PBXBuildFile; fileRef = A2F13B8317FB254D00D0FB90 /* orangeButton@2x.png */; };
		A2F13BA117FB254D00D0FB90 /* orangeButtonHighlight.png in Resources */ = {isa = PBXBuildFile; fileRef = A2F13B8417FB254D00D0FB90 /* orangeButtonHighlight.png */; };
		A2F13BA217FB254D00D0FB90 /* orangeButtonHighlight@2x.png in Resources */ = {isa = PBXBuildFile; fileRef = A2F13B8517FB254D00D0FB90 /* orangeButtonHighlight@2x.png */; };
		A2F13BA517FB254D00D0FB90 /* tanButtonHighlight.png in Resources */ = {isa = PBXBuildFile; fileRef = A2F13B8817FB254D00D0FB90 /* tanButtonHighlight.png */; };
		A2F13BA617FB254D00D0FB90 /* tanButtonHighlight@2x.png in Resources */ = {isa = PBXBuildFile; fileRef = A2F13B8917FB254D00D0FB90 /* tanButtonHighlight@2x.png */; };
		A2F13BA717FB254D00D0FB90 /* whiteButton.png in Resources */ = {isa = PBXBuildFile; fileRef = A2F13B8A17FB254D00D0FB90 /* whiteButton.png */; };
		A2F13BA817FB254D00D0FB90 /* whiteButton@2x.png in Resources */ = {isa = PBXBuildFile; fileRef = A2F13B8B17FB254D00D0FB90 /* whiteButton@2x.png */; };
		A2F13BA917FB254D00D0FB90 /* whiteButtonHighlight.png in Resources */ = {isa = PBXBuildFile; fileRef = A2F13B8C17FB254D00D0FB90 /* whiteButtonHighlight.png */; };
		A2F13BAA17FB254D00D0FB90 /* whiteButtonHighlight@2x.png in Resources */ = {isa = PBXBuildFile; fileRef = A2F13B8D17FB254D00D0FB90 /* whiteButtonHighlight@2x.png */; };
		A2F13BAD17FB296A00D0FB90 /* tanButton.png in Resources */ = {isa = PBXBuildFile; fileRef = A2F13BAB17FB296A00D0FB90 /* tanButton.png */; };
		A2F13BAE17FB296A00D0FB90 /* tanButton@2x.png in Resources */ = {isa = PBXBuildFile; fileRef = A2F13BAC17FB296A00D0FB90 /* tanButton@2x.png */; };
		A2F13BB117FC41CF00D0FB90 /* LocationsViewController.m in Sources */ = {isa = PBXBuildFile; fileRef = A2F13BB017FC41CF00D0FB90 /* LocationsViewController.m */; };
		A2F13BB317FC4D4700D0FB90 /* erz_liebefeld_small.png in Resources */ = {isa = PBXBuildFile; fileRef = A2F13BB217FC4D4700D0FB90 /* erz_liebefeld_small.png */; };
		A2F13BB517FC4D7A00D0FB90 /* erz_winti_small.png in Resources */ = {isa = PBXBuildFile; fileRef = A2F13BB417FC4D7A00D0FB90 /* erz_winti_small.png */; };
		A2F13BB817FC5C0000D0FB90 /* FindBarViewController.m in Sources */ = {isa = PBXBuildFile; fileRef = A2F13BB717FC5C0000D0FB90 /* FindBarViewController.m */; };
		A2F13BBA17FC5EF500D0FB90 /* CoreLocation.framework in Frameworks */ = {isa = PBXBuildFile; fileRef = A2F13BB917FC5EF500D0FB90 /* CoreLocation.framework */; };
		A2F13BBD17FD8ABD00D0FB90 /* BarLocation.m in Sources */ = {isa = PBXBuildFile; fileRef = A2F13BBC17FD8ABD00D0FB90 /* BarLocation.m */; };
		A2F13BBF17FD8ED000D0FB90 /* AddressBook.framework in Frameworks */ = {isa = PBXBuildFile; fileRef = A2F13BBE17FD8ED000D0FB90 /* AddressBook.framework */; };
		A2F13BC317FDACB000D0FB90 /* ratebeerlogo2013_web_large.png in Resources */ = {isa = PBXBuildFile; fileRef = A2F13BC217FDACB000D0FB90 /* ratebeerlogo2013_web_large.png */; };
		A2F13BC717FDAFBB00D0FB90 /* poweredbyuntappd_a_grey_small.png in Resources */ = {isa = PBXBuildFile; fileRef = A2F13BC617FDAFBB00D0FB90 /* poweredbyuntappd_a_grey_small.png */; };
		A2F13BC917FDB2A300D0FB90 /* poweredbyuntappd_a_grey_large.png in Resources */ = {isa = PBXBuildFile; fileRef = A2F13BC817FDB2A300D0FB90 /* poweredbyuntappd_a_grey_large.png */; };
		A2F13BCB17FDB2E000D0FB90 /* ratebeerlogo2013_print.png in Resources */ = {isa = PBXBuildFile; fileRef = A2F13BCA17FDB2E000D0FB90 /* ratebeerlogo2013_print.png */; };
		A2F13BCD17FDB3DC00D0FB90 /* poweredbyuntappd_b_white_large.png in Resources */ = {isa = PBXBuildFile; fileRef = A2F13BCC17FDB3DC00D0FB90 /* poweredbyuntappd_b_white_large.png */; };
		A2F13BCF17FDBB2900D0FB90 /* erz_icon_retina_spotlight.png in Resources */ = {isa = PBXBuildFile; fileRef = A2F13BCE17FDBB2900D0FB90 /* erz_icon_retina_spotlight.png */; };
		A2F7272F17E720C4007EFEC1 /* BeerDetailsViewController.m in Sources */ = {isa = PBXBuildFile; fileRef = A2F7272E17E720C4007EFEC1 /* BeerDetailsViewController.m */; };
		A2F7273117E8882C007EFEC1 /* MapKit.framework in Frameworks */ = {isa = PBXBuildFile; fileRef = A2F7273017E8882C007EFEC1 /* MapKit.framework */; };
/* End PBXBuildFile section */

/* Begin PBXContainerItemProxy section */
		A24E0994177451EF00DC79DE /* PBXContainerItemProxy */ = {
			isa = PBXContainerItemProxy;
			containerPortal = A24E095B177451EF00DC79DE /* Project object */;
			proxyType = 1;
			remoteGlobalIDString = A24E0962177451EF00DC79DE;
			remoteInfo = ErzbierschofsTaps;
		};
/* End PBXContainerItemProxy section */

/* Begin PBXFileReference section */
		A240CE5317980D9500473C94 /* todos.rtf */ = {isa = PBXFileReference; fileEncoding = 4; lastKnownFileType = text.rtf; path = todos.rtf; sourceTree = "<group>"; };
		A24E0963177451EF00DC79DE /* ErzbierschofsTaps.app */ = {isa = PBXFileReference; explicitFileType = wrapper.application; includeInIndex = 0; path = ErzbierschofsTaps.app; sourceTree = BUILT_PRODUCTS_DIR; };
		A24E0966177451EF00DC79DE /* UIKit.framework */ = {isa = PBXFileReference; lastKnownFileType = wrapper.framework; name = UIKit.framework; path = System/Library/Frameworks/UIKit.framework; sourceTree = SDKROOT; };
		A24E0968177451EF00DC79DE /* Foundation.framework */ = {isa = PBXFileReference; lastKnownFileType = wrapper.framework; name = Foundation.framework; path = System/Library/Frameworks/Foundation.framework; sourceTree = SDKROOT; };
		A24E096A177451EF00DC79DE /* CoreGraphics.framework */ = {isa = PBXFileReference; lastKnownFileType = wrapper.framework; name = CoreGraphics.framework; path = System/Library/Frameworks/CoreGraphics.framework; sourceTree = SDKROOT; };
		A24E096E177451EF00DC79DE /* ErzbierschofsTaps-Info.plist */ = {isa = PBXFileReference; lastKnownFileType = text.plist.xml; path = "ErzbierschofsTaps-Info.plist"; sourceTree = "<group>"; };
		A24E0970177451EF00DC79DE /* en */ = {isa = PBXFileReference; lastKnownFileType = text.plist.strings; name = en; path = en.lproj/InfoPlist.strings; sourceTree = "<group>"; };
		A24E0972177451EF00DC79DE /* main.m */ = {isa = PBXFileReference; lastKnownFileType = sourcecode.c.objc; path = main.m; sourceTree = "<group>"; };
		A24E0974177451EF00DC79DE /* ErzbierschofsTaps-Prefix.pch */ = {isa = PBXFileReference; lastKnownFileType = sourcecode.c.h; path = "ErzbierschofsTaps-Prefix.pch"; sourceTree = "<group>"; };
		A24E0975177451EF00DC79DE /* AppDelegate.h */ = {isa = PBXFileReference; lastKnownFileType = sourcecode.c.h; path = AppDelegate.h; sourceTree = "<group>"; };
		A24E0976177451EF00DC79DE /* AppDelegate.m */ = {isa = PBXFileReference; lastKnownFileType = sourcecode.c.objc; path = AppDelegate.m; sourceTree = "<group>"; };
		A24E0978177451EF00DC79DE /* Default.png */ = {isa = PBXFileReference; lastKnownFileType = image.png; path = Default.png; sourceTree = "<group>"; };
		A24E097A177451EF00DC79DE /* Default@2x.png */ = {isa = PBXFileReference; lastKnownFileType = image.png; path = "Default@2x.png"; sourceTree = "<group>"; };
		A24E097C177451EF00DC79DE /* Default-568h@2x.png */ = {isa = PBXFileReference; lastKnownFileType = image.png; path = "Default-568h@2x.png"; sourceTree = "<group>"; };
		A24E097F177451EF00DC79DE /* en */ = {isa = PBXFileReference; lastKnownFileType = file.storyboard; name = en; path = en.lproj/MainStoryboard_iPhone.storyboard; sourceTree = "<group>"; };
		A24E0984177451EF00DC79DE /* MasterViewController.h */ = {isa = PBXFileReference; lastKnownFileType = sourcecode.c.h; path = MasterViewController.h; sourceTree = "<group>"; };
		A24E0985177451EF00DC79DE /* MasterViewController.m */ = {isa = PBXFileReference; lastKnownFileType = sourcecode.c.objc; path = MasterViewController.m; sourceTree = "<group>"; };
		A24E0987177451EF00DC79DE /* DetailViewController.h */ = {isa = PBXFileReference; lastKnownFileType = sourcecode.c.h; path = DetailViewController.h; sourceTree = "<group>"; };
		A24E0988177451EF00DC79DE /* DetailViewController.m */ = {isa = PBXFileReference; lastKnownFileType = sourcecode.c.objc; path = DetailViewController.m; sourceTree = "<group>"; };
		A24E098F177451EF00DC79DE /* ErzbierschofsTapsTests.octest */ = {isa = PBXFileReference; explicitFileType = wrapper.cfbundle; includeInIndex = 0; path = ErzbierschofsTapsTests.octest; sourceTree = BUILT_PRODUCTS_DIR; };
		A24E0990177451EF00DC79DE /* SenTestingKit.framework */ = {isa = PBXFileReference; lastKnownFileType = wrapper.framework; name = SenTestingKit.framework; path = Library/Frameworks/SenTestingKit.framework; sourceTree = DEVELOPER_DIR; };
		A24E0998177451F000DC79DE /* ErzbierschofsTapsTests-Info.plist */ = {isa = PBXFileReference; lastKnownFileType = text.plist.xml; path = "ErzbierschofsTapsTests-Info.plist"; sourceTree = "<group>"; };
		A24E099A177451F000DC79DE /* en */ = {isa = PBXFileReference; lastKnownFileType = text.plist.strings; name = en; path = en.lproj/InfoPlist.strings; sourceTree = "<group>"; };
		A24E099C177451F000DC79DE /* ErzbierschofsTapsTests.h */ = {isa = PBXFileReference; lastKnownFileType = sourcecode.c.h; path = ErzbierschofsTapsTests.h; sourceTree = "<group>"; };
		A24E099D177451F000DC79DE /* ErzbierschofsTapsTests.m */ = {isa = PBXFileReference; lastKnownFileType = sourcecode.c.objc; path = ErzbierschofsTapsTests.m; sourceTree = "<group>"; };
		A24E09AA1774579700DC79DE /* Bar.h */ = {isa = PBXFileReference; fileEncoding = 4; lastKnownFileType = sourcecode.c.h; path = Bar.h; sourceTree = "<group>"; };
		A24E09AB1774579700DC79DE /* Bar.m */ = {isa = PBXFileReference; fileEncoding = 4; lastKnownFileType = sourcecode.c.objc; path = Bar.m; sourceTree = "<group>"; };
		A24E09AE17745EAA00DC79DE /* TapInfo.h */ = {isa = PBXFileReference; fileEncoding = 4; lastKnownFileType = sourcecode.c.h; path = TapInfo.h; sourceTree = "<group>"; };
		A24E09AF17745EAA00DC79DE /* TapInfo.m */ = {isa = PBXFileReference; fileEncoding = 4; lastKnownFileType = sourcecode.c.objc; path = TapInfo.m; sourceTree = "<group>"; };
		A24E09B31774718600DC79DE /* TFHpple.h */ = {isa = PBXFileReference; fileEncoding = 4; lastKnownFileType = sourcecode.c.h; name = TFHpple.h; path = "../../../../../Downloads/hpple-master/TFHpple.h"; sourceTree = "<group>"; };
		A24E09B41774718600DC79DE /* TFHpple.m */ = {isa = PBXFileReference; fileEncoding = 4; lastKnownFileType = sourcecode.c.objc; name = TFHpple.m; path = "../../../../../Downloads/hpple-master/TFHpple.m"; sourceTree = "<group>"; };
		A24E09B51774718600DC79DE /* TFHppleElement.h */ = {isa = PBXFileReference; fileEncoding = 4; lastKnownFileType = sourcecode.c.h; name = TFHppleElement.h; path = "../../../../../Downloads/hpple-master/TFHppleElement.h"; sourceTree = "<group>"; };
		A24E09B61774718600DC79DE /* TFHppleElement.m */ = {isa = PBXFileReference; fileEncoding = 4; lastKnownFileType = sourcecode.c.objc; name = TFHppleElement.m; path = "../../../../../Downloads/hpple-master/TFHppleElement.m"; sourceTree = "<group>"; };
		A24E09B71774718600DC79DE /* XPathQuery.h */ = {isa = PBXFileReference; fileEncoding = 4; lastKnownFileType = sourcecode.c.h; name = XPathQuery.h; path = "../../../../../Downloads/hpple-master/XPathQuery.h"; sourceTree = "<group>"; };
		A24E09B81774718600DC79DE /* XPathQuery.m */ = {isa = PBXFileReference; fileEncoding = 4; lastKnownFileType = sourcecode.c.objc; name = XPathQuery.m; path = "../../../../../Downloads/hpple-master/XPathQuery.m"; sourceTree = "<group>"; };
		A24E09BC1774721600DC79DE /* libxml2.2.dylib */ = {isa = PBXFileReference; lastKnownFileType = "compiled.mach-o.dylib"; name = libxml2.2.dylib; path = usr/lib/libxml2.2.dylib; sourceTree = SDKROOT; };
		A25955FF17F97FE700629CA7 /* Images.xcassets */ = {isa = PBXFileReference; lastKnownFileType = folder.assetcatalog; path = Images.xcassets; sourceTree = "<group>"; };
		A2779C1017F98DE300390C12 /* UIApplication+SimulatorRemoteNotifications.h */ = {isa = PBXFileReference; fileEncoding = 4; lastKnownFileType = sourcecode.c.h; path = "UIApplication+SimulatorRemoteNotifications.h"; sourceTree = "<group>"; };
		A2779C1117F98DE300390C12 /* UIApplication+SimulatorRemoteNotifications.m */ = {isa = PBXFileReference; fileEncoding = 4; lastKnownFileType = sourcecode.c.objc; path = "UIApplication+SimulatorRemoteNotifications.m"; sourceTree = "<group>"; };
		A2852C901779CCD600001FFA /* erz_icon.png */ = {isa = PBXFileReference; lastKnownFileType = image.png; name = erz_icon.png; path = ../erz_icon.png; sourceTree = "<group>"; };
		A2852C941779CD3700001FFA /* erz_icon_retina.png */ = {isa = PBXFileReference; lastKnownFileType = image.png; name = erz_icon_retina.png; path = ../erz_icon_retina.png; sourceTree = "<group>"; };
		A2979BE3179842C0005A6CAF /* erz_liebefeld.png */ = {isa = PBXFileReference; lastKnownFileType = image.png; path = erz_liebefeld.png; sourceTree = "<group>"; };
		A2979BE4179842C0005A6CAF /* erz_winti.png */ = {isa = PBXFileReference; lastKnownFileType = image.png; path = erz_winti.png; sourceTree = "<group>"; };
		A2AF3104177884F1008F106F /* TapTableCell.xib */ = {isa = PBXFileReference; fileEncoding = 4; lastKnownFileType = file.xib; path = TapTableCell.xib; sourceTree = "<group>"; };
		A2AF31061778862B008F106F /* TapTableCell.h */ = {isa = PBXFileReference; fileEncoding = 4; lastKnownFileType = sourcecode.c.h; path = TapTableCell.h; sourceTree = "<group>"; };
		A2AF31071778862B008F106F /* TapTableCell.m */ = {isa = PBXFileReference; fileEncoding = 4; lastKnownFileType = sourcecode.c.objc; path = TapTableCell.m; sourceTree = "<group>"; };
		A2BBD5F517C2452700415639 /* ErzbierschofsTaps.entitlements */ = {isa = PBXFileReference; lastKnownFileType = text.xml; path = ErzbierschofsTaps.entitlements; sourceTree = "<group>"; };
		A2BF24C717D48D6A00D1C81D /* MBProgressHUD.h */ = {isa = PBXFileReference; fileEncoding = 4; lastKnownFileType = sourcecode.c.h; path = MBProgressHUD.h; sourceTree = "<group>"; };
		A2BF24C817D48D6A00D1C81D /* MBProgressHUD.m */ = {isa = PBXFileReference; fileEncoding = 4; lastKnownFileType = sourcecode.c.objc; path = MBProgressHUD.m; sourceTree = "<group>"; };
		A2F13B6017FAFA5700D0FB90 /* Reachability.h */ = {isa = PBXFileReference; fileEncoding = 4; lastKnownFileType = sourcecode.c.h; path = Reachability.h; sourceTree = "<group>"; };
		A2F13B6117FAFA5700D0FB90 /* Reachability.m */ = {isa = PBXFileReference; fileEncoding = 4; lastKnownFileType = sourcecode.c.objc; path = Reachability.m; sourceTree = "<group>"; };
		A2F13B6317FAFC3600D0FB90 /* SystemConfiguration.framework */ = {isa = PBXFileReference; lastKnownFileType = wrapper.framework; name = SystemConfiguration.framework; path = System/Library/Frameworks/SystemConfiguration.framework; sourceTree = SDKROOT; };
		A2F13B6D17FB118000D0FB90 /* RatingBrowseViewController.h */ = {isa = PBXFileReference; fileEncoding = 4; lastKnownFileType = sourcecode.c.h; path = RatingBrowseViewController.h; sourceTree = "<group>"; };
		A2F13B6E17FB118000D0FB90 /* RatingBrowseViewController.m */ = {isa = PBXFileReference; fileEncoding = 4; lastKnownFileType = sourcecode.c.objc; path = RatingBrowseViewController.m; sourceTree = "<group>"; };
		A2F13B7117FB254D00D0FB90 /* blackButton.png */ = {isa = PBXFileReference; lastKnownFileType = image.png; path = blackButton.png; sourceTree = "<group>"; };
		A2F13B7217FB254D00D0FB90 /* blackButton@2x.png */ = {isa = PBXFileReference; lastKnownFileType = image.png; path = "blackButton@2x.png"; sourceTree = "<group>"; };
		A2F13B7317FB254D00D0FB90 /* blackButtonHighlight.png */ = {isa = PBXFileReference; lastKnownFileType = image.png; path = blackButtonHighlight.png; sourceTree = "<group>"; };
		A2F13B7417FB254D00D0FB90 /* blackButtonHighlight@2x.png */ = {isa = PBXFileReference; lastKnownFileType = image.png; path = "blackButtonHighlight@2x.png"; sourceTree = "<group>"; };
		A2F13B7517FB254D00D0FB90 /* blueButton.png */ = {isa = PBXFileReference; lastKnownFileType = image.png; path = blueButton.png; sourceTree = "<group>"; };
		A2F13B7617FB254D00D0FB90 /* blueButton@2x.png */ = {isa = PBXFileReference; lastKnownFileType = image.png; path = "blueButton@2x.png"; sourceTree = "<group>"; };
		A2F13B7717FB254D00D0FB90 /* blueButtonHighlight.png */ = {isa = PBXFileReference; lastKnownFileType = image.png; path = blueButtonHighlight.png; sourceTree = "<group>"; };
		A2F13B7817FB254D00D0FB90 /* blueButtonHighlight@2x.png */ = {isa = PBXFileReference; lastKnownFileType = image.png; path = "blueButtonHighlight@2x.png"; sourceTree = "<group>"; };
		A2F13B7917FB254D00D0FB90 /* greenButton.png */ = {isa = PBXFileReference; lastKnownFileType = image.png; path = greenButton.png; sourceTree = "<group>"; };
		A2F13B7A17FB254D00D0FB90 /* greenButton@2x.png */ = {isa = PBXFileReference; lastKnownFileType = image.png; path = "greenButton@2x.png"; sourceTree = "<group>"; };
		A2F13B7B17FB254D00D0FB90 /* greenButtonHighlight.png */ = {isa = PBXFileReference; lastKnownFileType = image.png; path = greenButtonHighlight.png; sourceTree = "<group>"; };
		A2F13B7C17FB254D00D0FB90 /* greenButtonHighlight@2x.png */ = {isa = PBXFileReference; lastKnownFileType = image.png; path = "greenButtonHighlight@2x.png"; sourceTree = "<group>"; };
		A2F13B7D17FB254D00D0FB90 /* greyButton.png */ = {isa = PBXFileReference; lastKnownFileType = image.png; path = greyButton.png; sourceTree = "<group>"; };
		A2F13B7E17FB254D00D0FB90 /* greyButton@2x.png */ = {isa = PBXFileReference; lastKnownFileType = image.png; path = "greyButton@2x.png"; sourceTree = "<group>"; };
		A2F13B7F17FB254D00D0FB90 /* greyButton@2xpng */ = {isa = PBXFileReference; lastKnownFileType = file; path = "greyButton@2xpng"; sourceTree = "<group>"; };
		A2F13B8017FB254D00D0FB90 /* greyButtonHighlight.png */ = {isa = PBXFileReference; lastKnownFileType = image.png; path = greyButtonHighlight.png; sourceTree = "<group>"; };
		A2F13B8117FB254D00D0FB90 /* greyButtonHighlight@2x.png */ = {isa = PBXFileReference; lastKnownFileType = image.png; path = "greyButtonHighlight@2x.png"; sourceTree = "<group>"; };
		A2F13B8217FB254D00D0FB90 /* orangeButton.png */ = {isa = PBXFileReference; lastKnownFileType = image.png; path = orangeButton.png; sourceTree = "<group>"; };
		A2F13B8317FB254D00D0FB90 /* orangeButton@2x.png */ = {isa = PBXFileReference; lastKnownFileType = image.png; path = "orangeButton@2x.png"; sourceTree = "<group>"; };
		A2F13B8417FB254D00D0FB90 /* orangeButtonHighlight.png */ = {isa = PBXFileReference; lastKnownFileType = image.png; path = orangeButtonHighlight.png; sourceTree = "<group>"; };
		A2F13B8517FB254D00D0FB90 /* orangeButtonHighlight@2x.png */ = {isa = PBXFileReference; lastKnownFileType = image.png; path = "orangeButtonHighlight@2x.png"; sourceTree = "<group>"; };
		A2F13B8817FB254D00D0FB90 /* tanButtonHighlight.png */ = {isa = PBXFileReference; lastKnownFileType = image.png; path = tanButtonHighlight.png; sourceTree = "<group>"; };
		A2F13B8917FB254D00D0FB90 /* tanButtonHighlight@2x.png */ = {isa = PBXFileReference; lastKnownFileType = image.png; path = "tanButtonHighlight@2x.png"; sourceTree = "<group>"; };
		A2F13B8A17FB254D00D0FB90 /* whiteButton.png */ = {isa = PBXFileReference; lastKnownFileType = image.png; path = whiteButton.png; sourceTree = "<group>"; };
		A2F13B8B17FB254D00D0FB90 /* whiteButton@2x.png */ = {isa = PBXFileReference; lastKnownFileType = image.png; path = "whiteButton@2x.png"; sourceTree = "<group>"; };
		A2F13B8C17FB254D00D0FB90 /* whiteButtonHighlight.png */ = {isa = PBXFileReference; lastKnownFileType = image.png; path = whiteButtonHighlight.png; sourceTree = "<group>"; };
		A2F13B8D17FB254D00D0FB90 /* whiteButtonHighlight@2x.png */ = {isa = PBXFileReference; lastKnownFileType = image.png; path = "whiteButtonHighlight@2x.png"; sourceTree = "<group>"; };
		A2F13BAB17FB296A00D0FB90 /* tanButton.png */ = {isa = PBXFileReference; lastKnownFileType = image.png; path = tanButton.png; sourceTree = "<group>"; };
		A2F13BAC17FB296A00D0FB90 /* tanButton@2x.png */ = {isa = PBXFileReference; lastKnownFileType = image.png; path = "tanButton@2x.png"; sourceTree = "<group>"; };
		A2F13BAF17FC41CF00D0FB90 /* LocationsViewController.h */ = {isa = PBXFileReference; fileEncoding = 4; lastKnownFileType = sourcecode.c.h; path = LocationsViewController.h; sourceTree = "<group>"; };
		A2F13BB017FC41CF00D0FB90 /* LocationsViewController.m */ = {isa = PBXFileReference; fileEncoding = 4; lastKnownFileType = sourcecode.c.objc; path = LocationsViewController.m; sourceTree = "<group>"; };
		A2F13BB217FC4D4700D0FB90 /* erz_liebefeld_small.png */ = {isa = PBXFileReference; lastKnownFileType = image.png; path = erz_liebefeld_small.png; sourceTree = "<group>"; };
		A2F13BB417FC4D7A00D0FB90 /* erz_winti_small.png */ = {isa = PBXFileReference; lastKnownFileType = image.png; path = erz_winti_small.png; sourceTree = "<group>"; };
		A2F13BB617FC5C0000D0FB90 /* FindBarViewController.h */ = {isa = PBXFileReference; fileEncoding = 4; lastKnownFileType = sourcecode.c.h; path = FindBarViewController.h; sourceTree = "<group>"; };
		A2F13BB717FC5C0000D0FB90 /* FindBarViewController.m */ = {isa = PBXFileReference; fileEncoding = 4; lastKnownFileType = sourcecode.c.objc; path = FindBarViewController.m; sourceTree = "<group>"; };
		A2F13BB917FC5EF500D0FB90 /* CoreLocation.framework */ = {isa = PBXFileReference; lastKnownFileType = wrapper.framework; name = CoreLocation.framework; path = System/Library/Frameworks/CoreLocation.framework; sourceTree = SDKROOT; };
		A2F13BBB17FD8ABD00D0FB90 /* BarLocation.h */ = {isa = PBXFileReference; fileEncoding = 4; lastKnownFileType = sourcecode.c.h; path = BarLocation.h; sourceTree = "<group>"; };
		A2F13BBC17FD8ABD00D0FB90 /* BarLocation.m */ = {isa = PBXFileReference; fileEncoding = 4; lastKnownFileType = sourcecode.c.objc; path = BarLocation.m; sourceTree = "<group>"; };
		A2F13BBE17FD8ED000D0FB90 /* AddressBook.framework */ = {isa = PBXFileReference; lastKnownFileType = wrapper.framework; name = AddressBook.framework; path = System/Library/Frameworks/AddressBook.framework; sourceTree = SDKROOT; };
		A2F13BC217FDACB000D0FB90 /* ratebeerlogo2013_web_large.png */ = {isa = PBXFileReference; lastKnownFileType = image.png; path = ratebeerlogo2013_web_large.png; sourceTree = "<group>"; };
		A2F13BC617FDAFBB00D0FB90 /* poweredbyuntappd_a_grey_small.png */ = {isa = PBXFileReference; lastKnownFileType = image.png; path = poweredbyuntappd_a_grey_small.png; sourceTree = "<group>"; };
		A2F13BC817FDB2A300D0FB90 /* poweredbyuntappd_a_grey_large.png */ = {isa = PBXFileReference; lastKnownFileType = image.png; path = poweredbyuntappd_a_grey_large.png; sourceTree = "<group>"; };
		A2F13BCA17FDB2E000D0FB90 /* ratebeerlogo2013_print.png */ = {isa = PBXFileReference; lastKnownFileType = image.png; path = ratebeerlogo2013_print.png; sourceTree = "<group>"; };
		A2F13BCC17FDB3DC00D0FB90 /* poweredbyuntappd_b_white_large.png */ = {isa = PBXFileReference; lastKnownFileType = image.png; path = poweredbyuntappd_b_white_large.png; sourceTree = "<group>"; };
		A2F13BCE17FDBB2900D0FB90 /* erz_icon_retina_spotlight.png */ = {isa = PBXFileReference; lastKnownFileType = image.png; path = erz_icon_retina_spotlight.png; sourceTree = "<group>"; };
		A2F7272D17E720C4007EFEC1 /* BeerDetailsViewController.h */ = {isa = PBXFileReference; fileEncoding = 4; lastKnownFileType = sourcecode.c.h; path = BeerDetailsViewController.h; sourceTree = "<group>"; };
		A2F7272E17E720C4007EFEC1 /* BeerDetailsViewController.m */ = {isa = PBXFileReference; fileEncoding = 4; lastKnownFileType = sourcecode.c.objc; path = BeerDetailsViewController.m; sourceTree = "<group>"; };
		A2F7273017E8882C007EFEC1 /* MapKit.framework */ = {isa = PBXFileReference; lastKnownFileType = wrapper.framework; name = MapKit.framework; path = System/Library/Frameworks/MapKit.framework; sourceTree = SDKROOT; };
/* End PBXFileReference section */

/* Begin PBXFrameworksBuildPhase section */
		A24E0960177451EF00DC79DE /* Frameworks */ = {
			isa = PBXFrameworksBuildPhase;
			buildActionMask = 2147483647;
			files = (
				A2F13BBF17FD8ED000D0FB90 /* AddressBook.framework in Frameworks */,
				A2F13BBA17FC5EF500D0FB90 /* CoreLocation.framework in Frameworks */,
				A2F7273117E8882C007EFEC1 /* MapKit.framework in Frameworks */,
				A2F13B6417FAFC3600D0FB90 /* SystemConfiguration.framework in Frameworks */,
				A24E09BD1774721600DC79DE /* libxml2.2.dylib in Frameworks */,
				A24E0967177451EF00DC79DE /* UIKit.framework in Frameworks */,
				A24E0969177451EF00DC79DE /* Foundation.framework in Frameworks */,
				A24E096B177451EF00DC79DE /* CoreGraphics.framework in Frameworks */,
			);
			runOnlyForDeploymentPostprocessing = 0;
		};
		A24E098B177451EF00DC79DE /* Frameworks */ = {
			isa = PBXFrameworksBuildPhase;
			buildActionMask = 2147483647;
			files = (
				A24E0991177451EF00DC79DE /* SenTestingKit.framework in Frameworks */,
				A24E0992177451EF00DC79DE /* UIKit.framework in Frameworks */,
				A24E0993177451EF00DC79DE /* Foundation.framework in Frameworks */,
			);
			runOnlyForDeploymentPostprocessing = 0;
		};
/* End PBXFrameworksBuildPhase section */

/* Begin PBXGroup section */
		A24E095A177451EF00DC79DE = {
			isa = PBXGroup;
			children = (
				A24E09BC1774721600DC79DE /* libxml2.2.dylib */,
				A24E096C177451EF00DC79DE /* ErzbierschofsTaps */,
				A24E0996177451EF00DC79DE /* ErzbierschofsTapsTests */,
				A24E0965177451EF00DC79DE /* Frameworks */,
				A24E0964177451EF00DC79DE /* Products */,
			);
			sourceTree = "<group>";
		};
		A24E0964177451EF00DC79DE /* Products */ = {
			isa = PBXGroup;
			children = (
				A24E0963177451EF00DC79DE /* ErzbierschofsTaps.app */,
				A24E098F177451EF00DC79DE /* ErzbierschofsTapsTests.octest */,
			);
			name = Products;
			sourceTree = "<group>";
		};
		A24E0965177451EF00DC79DE /* Frameworks */ = {
			isa = PBXGroup;
			children = (
				A2F13BBE17FD8ED000D0FB90 /* AddressBook.framework */,
				A2F13BB917FC5EF500D0FB90 /* CoreLocation.framework */,
				A2F13B6317FAFC3600D0FB90 /* SystemConfiguration.framework */,
				A2F7273017E8882C007EFEC1 /* MapKit.framework */,
				A24E0966177451EF00DC79DE /* UIKit.framework */,
				A24E0968177451EF00DC79DE /* Foundation.framework */,
				A24E096A177451EF00DC79DE /* CoreGraphics.framework */,
				A24E0990177451EF00DC79DE /* SenTestingKit.framework */,
			);
			name = Frameworks;
			sourceTree = "<group>";
		};
		A24E096C177451EF00DC79DE /* ErzbierschofsTaps */ = {
			isa = PBXGroup;
			children = (
				A2F13B7017FB254D00D0FB90 /* buttons */,
				A2F13B5F17FAFA3400D0FB90 /* Reachability */,
				A2779C0F17F98DE300390C12 /* SimulatorRemoteNotifications */,
				A2BF24CA17D48D6E00D1C81D /* MBProgressHUD */,
				A2BBD5F517C2452700415639 /* ErzbierschofsTaps.entitlements */,
				A24E09B21774714100DC79DE /* hpple */,
				A24E09B11774634700DC79DE /* GUI */,
				A24E09AD17745A5B00DC79DE /* Model */,
				A24E096D177451EF00DC79DE /* Supporting Files */,
				A240CE5317980D9500473C94 /* todos.rtf */,
				A25955FF17F97FE700629CA7 /* Images.xcassets */,
			);
			path = ErzbierschofsTaps;
			sourceTree = "<group>";
		};
		A24E096D177451EF00DC79DE /* Supporting Files */ = {
			isa = PBXGroup;
			children = (
				A2F13BC617FDAFBB00D0FB90 /* poweredbyuntappd_a_grey_small.png */,
				A2F13BCE17FDBB2900D0FB90 /* erz_icon_retina_spotlight.png */,
				A2F13BCC17FDB3DC00D0FB90 /* poweredbyuntappd_b_white_large.png */,
				A2F13BCA17FDB2E000D0FB90 /* ratebeerlogo2013_print.png */,
				A2F13BC817FDB2A300D0FB90 /* poweredbyuntappd_a_grey_large.png */,
				A2F13BC217FDACB000D0FB90 /* ratebeerlogo2013_web_large.png */,
				A2F13BB417FC4D7A00D0FB90 /* erz_winti_small.png */,
				A2979BE3179842C0005A6CAF /* erz_liebefeld.png */,
				A2979BE4179842C0005A6CAF /* erz_winti.png */,
				A2852C941779CD3700001FFA /* erz_icon_retina.png */,
				A2F13BB217FC4D4700D0FB90 /* erz_liebefeld_small.png */,
				A2852C901779CCD600001FFA /* erz_icon.png */,
				A24E096E177451EF00DC79DE /* ErzbierschofsTaps-Info.plist */,
				A24E096F177451EF00DC79DE /* InfoPlist.strings */,
				A24E0972177451EF00DC79DE /* main.m */,
				A24E0974177451EF00DC79DE /* ErzbierschofsTaps-Prefix.pch */,
				A24E0978177451EF00DC79DE /* Default.png */,
				A24E097A177451EF00DC79DE /* Default@2x.png */,
				A24E097C177451EF00DC79DE /* Default-568h@2x.png */,
			);
			name = "Supporting Files";
			sourceTree = "<group>";
		};
		A24E0996177451EF00DC79DE /* ErzbierschofsTapsTests */ = {
			isa = PBXGroup;
			children = (
				A24E099C177451F000DC79DE /* ErzbierschofsTapsTests.h */,
				A24E099D177451F000DC79DE /* ErzbierschofsTapsTests.m */,
				A24E0997177451F000DC79DE /* Supporting Files */,
			);
			path = ErzbierschofsTapsTests;
			sourceTree = "<group>";
		};
		A24E0997177451F000DC79DE /* Supporting Files */ = {
			isa = PBXGroup;
			children = (
				A24E0998177451F000DC79DE /* ErzbierschofsTapsTests-Info.plist */,
				A24E0999177451F000DC79DE /* InfoPlist.strings */,
			);
			name = "Supporting Files";
			sourceTree = "<group>";
		};
		A24E09AD17745A5B00DC79DE /* Model */ = {
			isa = PBXGroup;
			children = (
				A24E09AA1774579700DC79DE /* Bar.h */,
				A24E09AB1774579700DC79DE /* Bar.m */,
				A24E09AE17745EAA00DC79DE /* TapInfo.h */,
				A24E09AF17745EAA00DC79DE /* TapInfo.m */,
			);
			name = Model;
			sourceTree = "<group>";
		};
		A24E09B11774634700DC79DE /* GUI */ = {
			isa = PBXGroup;
			children = (
				A24E0975177451EF00DC79DE /* AppDelegate.h */,
				A24E0976177451EF00DC79DE /* AppDelegate.m */,
				A24E097E177451EF00DC79DE /* MainStoryboard_iPhone.storyboard */,
				A2F13BAF17FC41CF00D0FB90 /* LocationsViewController.h */,
				A2F13BB017FC41CF00D0FB90 /* LocationsViewController.m */,
				A24E0984177451EF00DC79DE /* MasterViewController.h */,
				A24E0985177451EF00DC79DE /* MasterViewController.m */,
				A24E0987177451EF00DC79DE /* DetailViewController.h */,
				A24E0988177451EF00DC79DE /* DetailViewController.m */,
				A2AF3104177884F1008F106F /* TapTableCell.xib */,
				A2AF31061778862B008F106F /* TapTableCell.h */,
				A2AF31071778862B008F106F /* TapTableCell.m */,
				A2F7272D17E720C4007EFEC1 /* BeerDetailsViewController.h */,
				A2F7272E17E720C4007EFEC1 /* BeerDetailsViewController.m */,
				A2F13B6D17FB118000D0FB90 /* RatingBrowseViewController.h */,
				A2F13B6E17FB118000D0FB90 /* RatingBrowseViewController.m */,
				A2F13BB617FC5C0000D0FB90 /* FindBarViewController.h */,
				A2F13BB717FC5C0000D0FB90 /* FindBarViewController.m */,
				A2F13BBB17FD8ABD00D0FB90 /* BarLocation.h */,
				A2F13BBC17FD8ABD00D0FB90 /* BarLocation.m */,
			);
			name = GUI;
			sourceTree = "<group>";
		};
		A24E09B21774714100DC79DE /* hpple */ = {
			isa = PBXGroup;
			children = (
				A24E09B31774718600DC79DE /* TFHpple.h */,
				A24E09B41774718600DC79DE /* TFHpple.m */,
				A24E09B51774718600DC79DE /* TFHppleElement.h */,
				A24E09B61774718600DC79DE /* TFHppleElement.m */,
				A24E09B71774718600DC79DE /* XPathQuery.h */,
				A24E09B81774718600DC79DE /* XPathQuery.m */,
			);
			name = hpple;
			sourceTree = "<group>";
		};
		A2779C0F17F98DE300390C12 /* SimulatorRemoteNotifications */ = {
			isa = PBXGroup;
			children = (
				A2779C1017F98DE300390C12 /* UIApplication+SimulatorRemoteNotifications.h */,
				A2779C1117F98DE300390C12 /* UIApplication+SimulatorRemoteNotifications.m */,
			);
			path = SimulatorRemoteNotifications;
			sourceTree = "<group>";
		};
		A2BF24CA17D48D6E00D1C81D /* MBProgressHUD */ = {
			isa = PBXGroup;
			children = (
				A2BF24C717D48D6A00D1C81D /* MBProgressHUD.h */,
				A2BF24C817D48D6A00D1C81D /* MBProgressHUD.m */,
			);
			name = MBProgressHUD;
			sourceTree = "<group>";
		};
		A2F13B5F17FAFA3400D0FB90 /* Reachability */ = {
			isa = PBXGroup;
			children = (
				A2F13B6017FAFA5700D0FB90 /* Reachability.h */,
				A2F13B6117FAFA5700D0FB90 /* Reachability.m */,
			);
			name = Reachability;
			sourceTree = "<group>";
		};
		A2F13B7017FB254D00D0FB90 /* buttons */ = {
			isa = PBXGroup;
			children = (
				A2F13B7117FB254D00D0FB90 /* blackButton.png */,
				A2F13B7217FB254D00D0FB90 /* blackButton@2x.png */,
				A2F13BAB17FB296A00D0FB90 /* tanButton.png */,
				A2F13BAC17FB296A00D0FB90 /* tanButton@2x.png */,
				A2F13B7317FB254D00D0FB90 /* blackButtonHighlight.png */,
				A2F13B7417FB254D00D0FB90 /* blackButtonHighlight@2x.png */,
				A2F13B7517FB254D00D0FB90 /* blueButton.png */,
				A2F13B7617FB254D00D0FB90 /* blueButton@2x.png */,
				A2F13B7717FB254D00D0FB90 /* blueButtonHighlight.png */,
				A2F13B7817FB254D00D0FB90 /* blueButtonHighlight@2x.png */,
				A2F13B7917FB254D00D0FB90 /* greenButton.png */,
				A2F13B7A17FB254D00D0FB90 /* greenButton@2x.png */,
				A2F13B7B17FB254D00D0FB90 /* greenButtonHighlight.png */,
				A2F13B7C17FB254D00D0FB90 /* greenButtonHighlight@2x.png */,
				A2F13B7D17FB254D00D0FB90 /* greyButton.png */,
				A2F13B7E17FB254D00D0FB90 /* greyButton@2x.png */,
				A2F13B7F17FB254D00D0FB90 /* greyButton@2xpng */,
				A2F13B8017FB254D00D0FB90 /* greyButtonHighlight.png */,
				A2F13B8117FB254D00D0FB90 /* greyButtonHighlight@2x.png */,
				A2F13B8217FB254D00D0FB90 /* orangeButton.png */,
				A2F13B8317FB254D00D0FB90 /* orangeButton@2x.png */,
				A2F13B8417FB254D00D0FB90 /* orangeButtonHighlight.png */,
				A2F13B8517FB254D00D0FB90 /* orangeButtonHighlight@2x.png */,
				A2F13B8817FB254D00D0FB90 /* tanButtonHighlight.png */,
				A2F13B8917FB254D00D0FB90 /* tanButtonHighlight@2x.png */,
				A2F13B8A17FB254D00D0FB90 /* whiteButton.png */,
				A2F13B8B17FB254D00D0FB90 /* whiteButton@2x.png */,
				A2F13B8C17FB254D00D0FB90 /* whiteButtonHighlight.png */,
				A2F13B8D17FB254D00D0FB90 /* whiteButtonHighlight@2x.png */,
			);
			path = buttons;
			sourceTree = "<group>";
		};
/* End PBXGroup section */

/* Begin PBXNativeTarget section */
		A24E0962177451EF00DC79DE /* ErzbierschofsTaps */ = {
			isa = PBXNativeTarget;
			buildConfigurationList = A24E09A1177451F000DC79DE /* Build configuration list for PBXNativeTarget "ErzbierschofsTaps" */;
			buildPhases = (
				A24E095F177451EF00DC79DE /* Sources */,
				A24E0960177451EF00DC79DE /* Frameworks */,
				A24E0961177451EF00DC79DE /* Resources */,
			);
			buildRules = (
			);
			dependencies = (
			);
			name = ErzbierschofsTaps;
			productName = ErzbierschofsTaps;
			productReference = A24E0963177451EF00DC79DE /* ErzbierschofsTaps.app */;
			productType = "com.apple.product-type.application";
		};
		A24E098E177451EF00DC79DE /* ErzbierschofsTapsTests */ = {
			isa = PBXNativeTarget;
			buildConfigurationList = A24E09A4177451F000DC79DE /* Build configuration list for PBXNativeTarget "ErzbierschofsTapsTests" */;
			buildPhases = (
				A24E098A177451EF00DC79DE /* Sources */,
				A24E098B177451EF00DC79DE /* Frameworks */,
				A24E098C177451EF00DC79DE /* Resources */,
				A24E098D177451EF00DC79DE /* ShellScript */,
			);
			buildRules = (
			);
			dependencies = (
				A24E0995177451EF00DC79DE /* PBXTargetDependency */,
			);
			name = ErzbierschofsTapsTests;
			productName = ErzbierschofsTapsTests;
			productReference = A24E098F177451EF00DC79DE /* ErzbierschofsTapsTests.octest */;
			productType = "com.apple.product-type.bundle";
		};
/* End PBXNativeTarget section */

/* Begin PBXProject section */
		A24E095B177451EF00DC79DE /* Project object */ = {
			isa = PBXProject;
			attributes = {
				LastUpgradeCheck = 0460;
				ORGANIZATIONNAME = "Giacomo Ghezzi";
				TargetAttributes = {
					A24E0962177451EF00DC79DE = {
						DevelopmentTeam = 5EQS4J82C7;
					};
				};
			};
			buildConfigurationList = A24E095E177451EF00DC79DE /* Build configuration list for PBXProject "ErzbierschofsTaps" */;
			compatibilityVersion = "Xcode 3.2";
			developmentRegion = English;
			hasScannedForEncodings = 0;
			knownRegions = (
				en,
			);
			mainGroup = A24E095A177451EF00DC79DE;
			productRefGroup = A24E0964177451EF00DC79DE /* Products */;
			projectDirPath = "";
			projectRoot = "";
			targets = (
				A24E0962177451EF00DC79DE /* ErzbierschofsTaps */,
				A24E098E177451EF00DC79DE /* ErzbierschofsTapsTests */,
			);
		};
/* End PBXProject section */

/* Begin PBXResourcesBuildPhase section */
		A24E0961177451EF00DC79DE /* Resources */ = {
			isa = PBXResourcesBuildPhase;
			buildActionMask = 2147483647;
			files = (
				A2F13BCB17FDB2E000D0FB90 /* ratebeerlogo2013_print.png in Resources */,
				A2F13BCD17FDB3DC00D0FB90 /* poweredbyuntappd_b_white_large.png in Resources */,
				A24E0971177451EF00DC79DE /* InfoPlist.strings in Resources */,
				A2F13BA217FB254D00D0FB90 /* orangeButtonHighlight@2x.png in Resources */,
				A2F13B9817FB254D00D0FB90 /* greenButtonHighlight.png in Resources */,
				A2F13BB517FC4D7A00D0FB90 /* erz_winti_small.png in Resources */,
				A2F13B9C17FB254D00D0FB90 /* greyButton@2xpng in Resources */,
				A24E0979177451EF00DC79DE /* Default.png in Resources */,
				A2F13B9717FB254D00D0FB90 /* greenButton@2x.png in Resources */,
				A2F13B9E17FB254D00D0FB90 /* greyButtonHighlight@2x.png in Resources */,
				A2F13BAD17FB296A00D0FB90 /* tanButton.png in Resources */,
				A2F13BA917FB254D00D0FB90 /* whiteButtonHighlight.png in Resources */,
				A2F13BA517FB254D00D0FB90 /* tanButtonHighlight.png in Resources */,
				A2F13B8E17FB254D00D0FB90 /* blackButton.png in Resources */,
				A2F13B9B17FB254D00D0FB90 /* greyButton@2x.png in Resources */,
				A2F13B9517FB254D00D0FB90 /* blueButtonHighlight@2x.png in Resources */,
				A24E097B177451EF00DC79DE /* Default@2x.png in Resources */,
				A2F13B9217FB254D00D0FB90 /* blueButton.png in Resources */,
				A2F13BA017FB254D00D0FB90 /* orangeButton@2x.png in Resources */,
				A259560017F97FE700629CA7 /* Images.xcassets in Resources */,
				A24E097D177451EF00DC79DE /* Default-568h@2x.png in Resources */,
				A2F13BB317FC4D4700D0FB90 /* erz_liebefeld_small.png in Resources */,
				A24E0980177451EF00DC79DE /* MainStoryboard_iPhone.storyboard in Resources */,
				A2F13B9417FB254D00D0FB90 /* blueButtonHighlight.png in Resources */,
				A2F13BC317FDACB000D0FB90 /* ratebeerlogo2013_web_large.png in Resources */,
				A2F13BC917FDB2A300D0FB90 /* poweredbyuntappd_a_grey_large.png in Resources */,
				A2F13BA717FB254D00D0FB90 /* whiteButton.png in Resources */,
				A2AF3105177884F1008F106F /* TapTableCell.xib in Resources */,
				A2F13B9617FB254D00D0FB90 /* greenButton.png in Resources */,
				A2F13BAE17FB296A00D0FB90 /* tanButton@2x.png in Resources */,
				A2F13B8F17FB254D00D0FB90 /* blackButton@2x.png in Resources */,
				A2F13BA817FB254D00D0FB90 /* whiteButton@2x.png in Resources */,
				A2F13B9117FB254D00D0FB90 /* blackButtonHighlight@2x.png in Resources */,
				A2F13BCF17FDBB2900D0FB90 /* erz_icon_retina_spotlight.png in Resources */,
				A2F13B9017FB254D00D0FB90 /* blackButtonHighlight.png in Resources */,
				A2852C911779CCD600001FFA /* erz_icon.png in Resources */,
				A2852C951779CD3700001FFA /* erz_icon_retina.png in Resources */,
				A2F13BAA17FB254D00D0FB90 /* whiteButtonHighlight@2x.png in Resources */,
				A2F13B9D17FB254D00D0FB90 /* greyButtonHighlight.png in Resources */,
				A2F13B9317FB254D00D0FB90 /* blueButton@2x.png in Resources */,
				A240CE5417980D9500473C94 /* todos.rtf in Resources */,
				A2F13B9917FB254D00D0FB90 /* greenButtonHighlight@2x.png in Resources */,
				A2979BE5179842C0005A6CAF /* erz_liebefeld.png in Resources */,
				A2F13BA117FB254D00D0FB90 /* orangeButtonHighlight.png in Resources */,
				A2F13BA617FB254D00D0FB90 /* tanButtonHighlight@2x.png in Resources */,
				A2F13B9A17FB254D00D0FB90 /* greyButton.png in Resources */,
				A2979BE6179842C0005A6CAF /* erz_winti.png in Resources */,
				A2F13BC717FDAFBB00D0FB90 /* poweredbyuntappd_a_grey_small.png in Resources */,
				A2F13B9F17FB254D00D0FB90 /* orangeButton.png in Resources */,
			);
			runOnlyForDeploymentPostprocessing = 0;
		};
		A24E098C177451EF00DC79DE /* Resources */ = {
			isa = PBXResourcesBuildPhase;
			buildActionMask = 2147483647;
			files = (
				A24E099B177451F000DC79DE /* InfoPlist.strings in Resources */,
			);
			runOnlyForDeploymentPostprocessing = 0;
		};
/* End PBXResourcesBuildPhase section */

/* Begin PBXShellScriptBuildPhase section */
		A24E098D177451EF00DC79DE /* ShellScript */ = {
			isa = PBXShellScriptBuildPhase;
			buildActionMask = 2147483647;
			files = (
			);
			inputPaths = (
			);
			outputPaths = (
			);
			runOnlyForDeploymentPostprocessing = 0;
			shellPath = /bin/sh;
			shellScript = "# Run the unit tests in this test bundle.\n\"${SYSTEM_DEVELOPER_DIR}/Tools/RunUnitTests\"\n";
		};
/* End PBXShellScriptBuildPhase section */

/* Begin PBXSourcesBuildPhase section */
		A24E095F177451EF00DC79DE /* Sources */ = {
			isa = PBXSourcesBuildPhase;
			buildActionMask = 2147483647;
			files = (
				A2BF24CB17D48ED000D1C81D /* MBProgressHUD.m in Sources */,
				A24E0973177451EF00DC79DE /* main.m in Sources */,
				A24E0977177451EF00DC79DE /* AppDelegate.m in Sources */,
				A24E0986177451EF00DC79DE /* MasterViewController.m in Sources */,
				A24E0989177451EF00DC79DE /* DetailViewController.m in Sources */,
				A2F7272F17E720C4007EFEC1 /* BeerDetailsViewController.m in Sources */,
				A2779C1217F98DE300390C12 /* UIApplication+SimulatorRemoteNotifications.m in Sources */,
				A24E09AC1774579700DC79DE /* Bar.m in Sources */,
				A24E09B017745EAA00DC79DE /* TapInfo.m in Sources */,
				A24E09B91774718600DC79DE /* TFHpple.m in Sources */,
				A2F13B6217FAFA5700D0FB90 /* Reachability.m in Sources */,
				A2F13BB817FC5C0000D0FB90 /* FindBarViewController.m in Sources */,
				A24E09BA1774718600DC79DE /* TFHppleElement.m in Sources */,
				A2F13B6F17FB118000D0FB90 /* RatingBrowseViewController.m in Sources */,
				A2F13BBD17FD8ABD00D0FB90 /* BarLocation.m in Sources */,
				A24E09BB1774718600DC79DE /* XPathQuery.m in Sources */,
				A2AF31081778862B008F106F /* TapTableCell.m in Sources */,
				A2F13BB117FC41CF00D0FB90 /* LocationsViewController.m in Sources */,
			);
			runOnlyForDeploymentPostprocessing = 0;
		};
		A24E098A177451EF00DC79DE /* Sources */ = {
			isa = PBXSourcesBuildPhase;
			buildActionMask = 2147483647;
			files = (
				A24E099E177451F000DC79DE /* ErzbierschofsTapsTests.m in Sources */,
				A2BF24C917D48D6A00D1C81D /* MBProgressHUD.m in Sources */,
			);
			runOnlyForDeploymentPostprocessing = 0;
		};
/* End PBXSourcesBuildPhase section */

/* Begin PBXTargetDependency section */
		A24E0995177451EF00DC79DE /* PBXTargetDependency */ = {
			isa = PBXTargetDependency;
			target = A24E0962177451EF00DC79DE /* ErzbierschofsTaps */;
			targetProxy = A24E0994177451EF00DC79DE /* PBXContainerItemProxy */;
		};
/* End PBXTargetDependency section */

/* Begin PBXVariantGroup section */
		A24E096F177451EF00DC79DE /* InfoPlist.strings */ = {
			isa = PBXVariantGroup;
			children = (
				A24E0970177451EF00DC79DE /* en */,
			);
			name = InfoPlist.strings;
			sourceTree = "<group>";
		};
		A24E097E177451EF00DC79DE /* MainStoryboard_iPhone.storyboard */ = {
			isa = PBXVariantGroup;
			children = (
				A24E097F177451EF00DC79DE /* en */,
			);
			name = MainStoryboard_iPhone.storyboard;
			sourceTree = "<group>";
		};
		A24E0999177451F000DC79DE /* InfoPlist.strings */ = {
			isa = PBXVariantGroup;
			children = (
				A24E099A177451F000DC79DE /* en */,
			);
			name = InfoPlist.strings;
			sourceTree = "<group>";
		};
/* End PBXVariantGroup section */

/* Begin XCBuildConfiguration section */
		A24E099F177451F000DC79DE /* Debug */ = {
			isa = XCBuildConfiguration;
			buildSettings = {
				ALWAYS_SEARCH_USER_PATHS = NO;
				CLANG_CXX_LANGUAGE_STANDARD = "gnu++0x";
				CLANG_CXX_LIBRARY = "libc++";
				CLANG_ENABLE_OBJC_ARC = YES;
				CLANG_WARN_CONSTANT_CONVERSION = YES;
				CLANG_WARN_EMPTY_BODY = YES;
				CLANG_WARN_ENUM_CONVERSION = YES;
				CLANG_WARN_INT_CONVERSION = YES;
				CLANG_WARN__DUPLICATE_METHOD_MATCH = YES;
				"CODE_SIGN_IDENTITY[sdk=iphoneos*]" = "iPhone Developer: Giacomo Ghezzi (6KDT7QUM6E)";
				COPY_PHASE_STRIP = NO;
				GCC_C_LANGUAGE_STANDARD = gnu99;
				GCC_DYNAMIC_NO_PIC = NO;
				GCC_OPTIMIZATION_LEVEL = 0;
				GCC_PREPROCESSOR_DEFINITIONS = (
					"DEBUG=1",
					"$(inherited)",
				);
				GCC_SYMBOLS_PRIVATE_EXTERN = NO;
				GCC_WARN_ABOUT_RETURN_TYPE = YES;
				GCC_WARN_UNINITIALIZED_AUTOS = YES;
				GCC_WARN_UNUSED_VARIABLE = YES;
				IPHONEOS_DEPLOYMENT_TARGET = 7.0;
				ONLY_ACTIVE_ARCH = YES;
				PROVISIONING_PROFILE = "9C27EA0E-4EC9-4EB7-89AA-B7CA52F48A9C";
				SCAN_ALL_SOURCE_FILES_FOR_INCLUDES = YES;
				SDKROOT = iphoneos;
				SKIP_INSTALL = YES;
				TARGETED_DEVICE_FAMILY = "1,2";
			};
			name = Debug;
		};
		A24E09A0177451F000DC79DE /* Release */ = {
			isa = XCBuildConfiguration;
			buildSettings = {
				ALWAYS_SEARCH_USER_PATHS = NO;
				CLANG_CXX_LANGUAGE_STANDARD = "gnu++0x";
				CLANG_CXX_LIBRARY = "libc++";
				CLANG_ENABLE_OBJC_ARC = YES;
				CLANG_WARN_CONSTANT_CONVERSION = YES;
				CLANG_WARN_EMPTY_BODY = YES;
				CLANG_WARN_ENUM_CONVERSION = YES;
				CLANG_WARN_INT_CONVERSION = YES;
				CLANG_WARN__DUPLICATE_METHOD_MATCH = YES;
				"CODE_SIGN_IDENTITY[sdk=iphoneos*]" = "iPhone Developer: Giacomo Ghezzi (6KDT7QUM6E)";
				COPY_PHASE_STRIP = YES;
				GCC_C_LANGUAGE_STANDARD = gnu99;
				GCC_WARN_ABOUT_RETURN_TYPE = YES;
				GCC_WARN_UNINITIALIZED_AUTOS = YES;
				GCC_WARN_UNUSED_VARIABLE = YES;
				IPHONEOS_DEPLOYMENT_TARGET = 7.0;
				ONLY_ACTIVE_ARCH = YES;
				OTHER_CFLAGS = "-DNS_BLOCK_ASSERTIONS=1";
				PROVISIONING_PROFILE = "9C27EA0E-4EC9-4EB7-89AA-B7CA52F48A9C";
				SCAN_ALL_SOURCE_FILES_FOR_INCLUDES = YES;
				SDKROOT = iphoneos;
				SKIP_INSTALL = YES;
				TARGETED_DEVICE_FAMILY = "1,2";
				VALIDATE_PRODUCT = YES;
			};
			name = Release;
		};
		A24E09A2177451F000DC79DE /* Debug */ = {
			isa = XCBuildConfiguration;
			buildSettings = {
				CODE_SIGN_ENTITLEMENTS = ErzbierschofsTaps/ErzbierschofsTaps.entitlements;
				CODE_SIGN_IDENTITY = "iPhone Developer";
				GCC_PRECOMPILE_PREFIX_HEADER = YES;
				GCC_PREFIX_HEADER = "ErzbierschofsTaps/ErzbierschofsTaps-Prefix.pch";
				HEADER_SEARCH_PATHS = "$(SDKROOT)/usr/include/libxml2";
				INFOPLIST_FILE = "ErzbierschofsTaps/ErzbierschofsTaps-Info.plist";
				INSTALL_PATH = "$(LOCAL_APPS_DIR)";
				IPHONEOS_DEPLOYMENT_TARGET = 7.0;
				ONLY_ACTIVE_ARCH = NO;
				PRODUCT_NAME = "$(TARGET_NAME)";
				PROVISIONING_PROFILE = "60711C35-D906-47E4-885F-EE0FB342D336";
				SCAN_ALL_SOURCE_FILES_FOR_INCLUDES = YES;
				SKIP_INSTALL = NO;
				TARGETED_DEVICE_FAMILY = 1;
				WRAPPER_EXTENSION = app;
			};
			name = Debug;
		};
		A24E09A3177451F000DC79DE /* Release */ = {
			isa = XCBuildConfiguration;
			buildSettings = {
				CODE_SIGN_ENTITLEMENTS = ErzbierschofsTaps/ErzbierschofsTaps.entitlements;
				CODE_SIGN_IDENTITY = "iPhone Developer";
				GCC_PRECOMPILE_PREFIX_HEADER = YES;
				GCC_PREFIX_HEADER = "ErzbierschofsTaps/ErzbierschofsTaps-Prefix.pch";
				HEADER_SEARCH_PATHS = "$(SDKROOT)/usr/include/libxml2";
				INFOPLIST_FILE = "ErzbierschofsTaps/ErzbierschofsTaps-Info.plist";
				INSTALL_PATH = "$(LOCAL_APPS_DIR)";
				IPHONEOS_DEPLOYMENT_TARGET = 7.0;
				ONLY_ACTIVE_ARCH = YES;
				PRODUCT_NAME = "$(TARGET_NAME)";
				PROVISIONING_PROFILE = "60711C35-D906-47E4-885F-EE0FB342D336";
				SCAN_ALL_SOURCE_FILES_FOR_INCLUDES = YES;
				SKIP_INSTALL = NO;
				TARGETED_DEVICE_FAMILY = 1;
				WRAPPER_EXTENSION = app;
			};
			name = Release;
		};
		A24E09A5177451F000DC79DE /* Debug */ = {
			isa = XCBuildConfiguration;
			buildSettings = {
				BUNDLE_LOADER = "$(BUILT_PRODUCTS_DIR)/ErzbierschofsTaps.app/ErzbierschofsTaps";
				FRAMEWORK_SEARCH_PATHS = (
					"\"$(SDKROOT)/Developer/Library/Frameworks\"",
					"\"$(DEVELOPER_LIBRARY_DIR)/Frameworks\"",
				);
				GCC_PRECOMPILE_PREFIX_HEADER = YES;
				GCC_PREFIX_HEADER = "ErzbierschofsTaps/ErzbierschofsTaps-Prefix.pch";
				INFOPLIST_FILE = "ErzbierschofsTapsTests/ErzbierschofsTapsTests-Info.plist";
				PRODUCT_NAME = "$(TARGET_NAME)";
				TEST_HOST = "$(BUNDLE_LOADER)";
				WRAPPER_EXTENSION = octest;
			};
			name = Debug;
		};
		A24E09A6177451F000DC79DE /* Release */ = {
			isa = XCBuildConfiguration;
			buildSettings = {
				BUNDLE_LOADER = "$(BUILT_PRODUCTS_DIR)/ErzbierschofsTaps.app/ErzbierschofsTaps";
				FRAMEWORK_SEARCH_PATHS = (
					"\"$(SDKROOT)/Developer/Library/Frameworks\"",
					"\"$(DEVELOPER_LIBRARY_DIR)/Frameworks\"",
				);
				GCC_PRECOMPILE_PREFIX_HEADER = YES;
				GCC_PREFIX_HEADER = "ErzbierschofsTaps/ErzbierschofsTaps-Prefix.pch";
				INFOPLIST_FILE = "ErzbierschofsTapsTests/ErzbierschofsTapsTests-Info.plist";
				PRODUCT_NAME = "$(TARGET_NAME)";
				TEST_HOST = "$(BUNDLE_LOADER)";
				WRAPPER_EXTENSION = octest;
			};
			name = Release;
		};
/* End XCBuildConfiguration section */

/* Begin XCConfigurationList section */
		A24E095E177451EF00DC79DE /* Build configuration list for PBXProject "ErzbierschofsTaps" */ = {
			isa = XCConfigurationList;
			buildConfigurations = (
				A24E099F177451F000DC79DE /* Debug */,
				A24E09A0177451F000DC79DE /* Release */,
			);
			defaultConfigurationIsVisible = 0;
			defaultConfigurationName = Release;
		};
		A24E09A1177451F000DC79DE /* Build configuration list for PBXNativeTarget "ErzbierschofsTaps" */ = {
			isa = XCConfigurationList;
			buildConfigurations = (
				A24E09A2177451F000DC79DE /* Debug */,
				A24E09A3177451F000DC79DE /* Release */,
			);
			defaultConfigurationIsVisible = 0;
			defaultConfigurationName = Release;
		};
		A24E09A4177451F000DC79DE /* Build configuration list for PBXNativeTarget "ErzbierschofsTapsTests" */ = {
			isa = XCConfigurationList;
			buildConfigurations = (
				A24E09A5177451F000DC79DE /* Debug */,
				A24E09A6177451F000DC79DE /* Release */,
			);
			defaultConfigurationIsVisible = 0;
			defaultConfigurationName = Release;
		};
/* End XCConfigurationList section */
	};
	rootObject = A24E095B177451EF00DC79DE /* Project object */;
}
